// !$*UTF8*$!
{
	archiveVersion = 1;
	classes = {
	};
	objectVersion = 55;
	objects = {

/* Begin PBXBuildFile section */
		0AB808CF2715B9D700337924 /* SessionStore.swift in Sources */ = {isa = PBXBuildFile; fileRef = 0AB808CE2715B9D700337924 /* SessionStore.swift */; };
		0AB808D42715C1AB00337924 /* SignInView.swift in Sources */ = {isa = PBXBuildFile; fileRef = 0AB808D32715C1AB00337924 /* SignInView.swift */; };
		0AB808D62715C1B500337924 /* SignUpView.swift in Sources */ = {isa = PBXBuildFile; fileRef = 0AB808D52715C1B500337924 /* SignUpView.swift */; };
		0AB808D82715D77800337924 /* gym.jpg in Resources */ = {isa = PBXBuildFile; fileRef = 0AB808D72715D77800337924 /* gym.jpg */; };
		0AB808DB2715DE8F00337924 /* Enums.swift in Sources */ = {isa = PBXBuildFile; fileRef = 0AB808DA2715DE8F00337924 /* Enums.swift */; };
		0AC4DD852715A9E4003D5FED /* Fit_VeinApp.swift in Sources */ = {isa = PBXBuildFile; fileRef = 0AC4DD842715A9E4003D5FED /* Fit_VeinApp.swift */; };
		0AC4DD872715A9E4003D5FED /* ContentView.swift in Sources */ = {isa = PBXBuildFile; fileRef = 0AC4DD862715A9E4003D5FED /* ContentView.swift */; };
		0AC4DD892715A9E5003D5FED /* Assets.xcassets in Resources */ = {isa = PBXBuildFile; fileRef = 0AC4DD882715A9E5003D5FED /* Assets.xcassets */; };
		0AC4DD8C2715A9E5003D5FED /* Preview Assets.xcassets in Resources */ = {isa = PBXBuildFile; fileRef = 0AC4DD8B2715A9E5003D5FED /* Preview Assets.xcassets */; };
		0ADC2DF02715AE43003ED144 /* GoogleService-Info.plist in Resources */ = {isa = PBXBuildFile; fileRef = 0ADC2DEF2715AE43003ED144 /* GoogleService-Info.plist */; };
		6A4AD7636321007C788C53F4 /* Pods_Fit_Vein.framework in Frameworks */ = {isa = PBXBuildFile; fileRef = 5CED23260406289D2ED2107A /* Pods_Fit_Vein.framework */; };
/* End PBXBuildFile section */

/* Begin PBXFileReference section */
		0AB808CE2715B9D700337924 /* SessionStore.swift */ = {isa = PBXFileReference; lastKnownFileType = sourcecode.swift; path = SessionStore.swift; sourceTree = "<group>"; };
		0AB808D32715C1AB00337924 /* SignInView.swift */ = {isa = PBXFileReference; lastKnownFileType = sourcecode.swift; path = SignInView.swift; sourceTree = "<group>"; };
		0AB808D52715C1B500337924 /* SignUpView.swift */ = {isa = PBXFileReference; lastKnownFileType = sourcecode.swift; path = SignUpView.swift; sourceTree = "<group>"; };
		0AB808D72715D77800337924 /* gym.jpg */ = {isa = PBXFileReference; lastKnownFileType = image.jpeg; name = gym.jpg; path = Assets.xcassets/gym.jpg; sourceTree = "<group>"; };
		0AB808DA2715DE8F00337924 /* Enums.swift */ = {isa = PBXFileReference; lastKnownFileType = sourcecode.swift; path = Enums.swift; sourceTree = "<group>"; };
		0AC4DD812715A9E4003D5FED /* Fit Vein.app */ = {isa = PBXFileReference; explicitFileType = wrapper.application; includeInIndex = 0; path = "Fit Vein.app"; sourceTree = BUILT_PRODUCTS_DIR; };
		0AC4DD842715A9E4003D5FED /* Fit_VeinApp.swift */ = {isa = PBXFileReference; lastKnownFileType = sourcecode.swift; path = Fit_VeinApp.swift; sourceTree = "<group>"; };
		0AC4DD862715A9E4003D5FED /* ContentView.swift */ = {isa = PBXFileReference; lastKnownFileType = sourcecode.swift; path = ContentView.swift; sourceTree = "<group>"; };
		0AC4DD882715A9E5003D5FED /* Assets.xcassets */ = {isa = PBXFileReference; lastKnownFileType = folder.assetcatalog; path = Assets.xcassets; sourceTree = "<group>"; };
		0AC4DD8B2715A9E5003D5FED /* Preview Assets.xcassets */ = {isa = PBXFileReference; lastKnownFileType = folder.assetcatalog; path = "Preview Assets.xcassets"; sourceTree = "<group>"; };
		0ADC2DEF2715AE43003ED144 /* GoogleService-Info.plist */ = {isa = PBXFileReference; fileEncoding = 4; lastKnownFileType = text.plist.xml; path = "GoogleService-Info.plist"; sourceTree = "<group>"; };
		26DAD44A330F476E6C2B2504 /* Pods-Fit Vein.release.xcconfig */ = {isa = PBXFileReference; includeInIndex = 1; lastKnownFileType = text.xcconfig; name = "Pods-Fit Vein.release.xcconfig"; path = "Target Support Files/Pods-Fit Vein/Pods-Fit Vein.release.xcconfig"; sourceTree = "<group>"; };
		5CED23260406289D2ED2107A /* Pods_Fit_Vein.framework */ = {isa = PBXFileReference; explicitFileType = wrapper.framework; includeInIndex = 0; path = Pods_Fit_Vein.framework; sourceTree = BUILT_PRODUCTS_DIR; };
		E0C1C30ACF5CE93B585EC3AC /* Pods-Fit Vein.debug.xcconfig */ = {isa = PBXFileReference; includeInIndex = 1; lastKnownFileType = text.xcconfig; name = "Pods-Fit Vein.debug.xcconfig"; path = "Target Support Files/Pods-Fit Vein/Pods-Fit Vein.debug.xcconfig"; sourceTree = "<group>"; };
/* End PBXFileReference section */

/* Begin PBXFrameworksBuildPhase section */
		0AC4DD7E2715A9E4003D5FED /* Frameworks */ = {
			isa = PBXFrameworksBuildPhase;
			buildActionMask = 2147483647;
			files = (
				6A4AD7636321007C788C53F4 /* Pods_Fit_Vein.framework in Frameworks */,
			);
			runOnlyForDeploymentPostprocessing = 0;
		};
/* End PBXFrameworksBuildPhase section */

/* Begin PBXGroup section */
		0671C51B37580929C4CFF801 /* Pods */ = {
			isa = PBXGroup;
			children = (
				E0C1C30ACF5CE93B585EC3AC /* Pods-Fit Vein.debug.xcconfig */,
				26DAD44A330F476E6C2B2504 /* Pods-Fit Vein.release.xcconfig */,
			);
			path = Pods;
			sourceTree = "<group>";
		};
		0AB808CD2715B9C300337924 /* FIrebase Utils */ = {
			isa = PBXGroup;
			children = (
				0AB808CE2715B9D700337924 /* SessionStore.swift */,
			);
			path = "FIrebase Utils";
			sourceTree = "<group>";
		};
		0AB808D02715C18300337924 /* Views */ = {
			isa = PBXGroup;
			children = (
				0AB808D32715C1AB00337924 /* SignInView.swift */,
				0AB808D52715C1B500337924 /* SignUpView.swift */,
			);
			path = Views;
			sourceTree = "<group>";
		};
		0AB808D92715DE7B00337924 /* Constants */ = {
			isa = PBXGroup;
			children = (
				0AB808DA2715DE8F00337924 /* Enums.swift */,
			);
			path = Constants;
			sourceTree = "<group>";
		};
		0AC4DD782715A9E4003D5FED = {
			isa = PBXGroup;
			children = (
				0AC4DD832715A9E4003D5FED /* Fit Vein */,
				0AC4DD822715A9E4003D5FED /* Products */,
				0671C51B37580929C4CFF801 /* Pods */,
				8B960227CB1EDB8F07568FC1 /* Frameworks */,
			);
			sourceTree = "<group>";
		};
		0AC4DD822715A9E4003D5FED /* Products */ = {
			isa = PBXGroup;
			children = (
				0AC4DD812715A9E4003D5FED /* Fit Vein.app */,
			);
			name = Products;
			sourceTree = "<group>";
		};
		0AC4DD832715A9E4003D5FED /* Fit Vein */ = {
			isa = PBXGroup;
			children = (
				0AB808D92715DE7B00337924 /* Constants */,
				0AB808D02715C18300337924 /* Views */,
				0AB808CD2715B9C300337924 /* FIrebase Utils */,
				0ADC2DEF2715AE43003ED144 /* GoogleService-Info.plist */,
				0AC4DD842715A9E4003D5FED /* Fit_VeinApp.swift */,
				0AC4DD862715A9E4003D5FED /* ContentView.swift */,
				0AC4DD882715A9E5003D5FED /* Assets.xcassets */,
				0AB808D72715D77800337924 /* gym.jpg */,
				0AC4DD8A2715A9E5003D5FED /* Preview Content */,
			);
			path = "Fit Vein";
			sourceTree = "<group>";
		};
		0AC4DD8A2715A9E5003D5FED /* Preview Content */ = {
			isa = PBXGroup;
			children = (
				0AC4DD8B2715A9E5003D5FED /* Preview Assets.xcassets */,
			);
			path = "Preview Content";
			sourceTree = "<group>";
		};
		8B960227CB1EDB8F07568FC1 /* Frameworks */ = {
			isa = PBXGroup;
			children = (
				5CED23260406289D2ED2107A /* Pods_Fit_Vein.framework */,
			);
			name = Frameworks;
			sourceTree = "<group>";
		};
/* End PBXGroup section */

/* Begin PBXNativeTarget section */
		0AC4DD802715A9E4003D5FED /* Fit Vein */ = {
			isa = PBXNativeTarget;
			buildConfigurationList = 0AC4DD8F2715A9E5003D5FED /* Build configuration list for PBXNativeTarget "Fit Vein" */;
			buildPhases = (
				C3068487EAF7238DA3CEC7F2 /* [CP] Check Pods Manifest.lock */,
				0AC4DD7D2715A9E4003D5FED /* Sources */,
				0AC4DD7E2715A9E4003D5FED /* Frameworks */,
				0AC4DD7F2715A9E4003D5FED /* Resources */,
				242D46432FDFB90EF0BCCD60 /* [CP] Embed Pods Frameworks */,
			);
			buildRules = (
			);
			dependencies = (
			);
			name = "Fit Vein";
			productName = "Fit Vein";
			productReference = 0AC4DD812715A9E4003D5FED /* Fit Vein.app */;
			productType = "com.apple.product-type.application";
		};
/* End PBXNativeTarget section */

/* Begin PBXProject section */
		0AC4DD792715A9E4003D5FED /* Project object */ = {
			isa = PBXProject;
			attributes = {
				BuildIndependentTargetsInParallel = 1;
				LastSwiftUpdateCheck = 1300;
				LastUpgradeCheck = 1300;
				TargetAttributes = {
					0AC4DD802715A9E4003D5FED = {
						CreatedOnToolsVersion = 13.0;
					};
				};
			};
			buildConfigurationList = 0AC4DD7C2715A9E4003D5FED /* Build configuration list for PBXProject "Fit Vein" */;
			compatibilityVersion = "Xcode 13.0";
			developmentRegion = en;
			hasScannedForEncodings = 0;
			knownRegions = (
				en,
				Base,
			);
			mainGroup = 0AC4DD782715A9E4003D5FED;
			productRefGroup = 0AC4DD822715A9E4003D5FED /* Products */;
			projectDirPath = "";
			projectRoot = "";
			targets = (
				0AC4DD802715A9E4003D5FED /* Fit Vein */,
			);
		};
/* End PBXProject section */

/* Begin PBXResourcesBuildPhase section */
		0AC4DD7F2715A9E4003D5FED /* Resources */ = {
			isa = PBXResourcesBuildPhase;
			buildActionMask = 2147483647;
			files = (
				0AC4DD8C2715A9E5003D5FED /* Preview Assets.xcassets in Resources */,
				0AC4DD892715A9E5003D5FED /* Assets.xcassets in Resources */,
				0AB808D82715D77800337924 /* gym.jpg in Resources */,
				0ADC2DF02715AE43003ED144 /* GoogleService-Info.plist in Resources */,
			);
			runOnlyForDeploymentPostprocessing = 0;
		};
/* End PBXResourcesBuildPhase section */

/* Begin PBXShellScriptBuildPhase section */
		242D46432FDFB90EF0BCCD60 /* [CP] Embed Pods Frameworks */ = {
			isa = PBXShellScriptBuildPhase;
			buildActionMask = 2147483647;
			files = (
			);
			inputFileListPaths = (
				"${PODS_ROOT}/Target Support Files/Pods-Fit Vein/Pods-Fit Vein-frameworks-${CONFIGURATION}-input-files.xcfilelist",
			);
			name = "[CP] Embed Pods Frameworks";
			outputFileListPaths = (
				"${PODS_ROOT}/Target Support Files/Pods-Fit Vein/Pods-Fit Vein-frameworks-${CONFIGURATION}-output-files.xcfilelist",
			);
			runOnlyForDeploymentPostprocessing = 0;
			shellPath = /bin/sh;
			shellScript = "\"${PODS_ROOT}/Target Support Files/Pods-Fit Vein/Pods-Fit Vein-frameworks.sh\"\n";
			showEnvVarsInLog = 0;
		};
		C3068487EAF7238DA3CEC7F2 /* [CP] Check Pods Manifest.lock */ = {
			isa = PBXShellScriptBuildPhase;
			buildActionMask = 2147483647;
			files = (
			);
			inputFileListPaths = (
			);
			inputPaths = (
				"${PODS_PODFILE_DIR_PATH}/Podfile.lock",
				"${PODS_ROOT}/Manifest.lock",
			);
			name = "[CP] Check Pods Manifest.lock";
			outputFileListPaths = (
			);
			outputPaths = (
				"$(DERIVED_FILE_DIR)/Pods-Fit Vein-checkManifestLockResult.txt",
			);
			runOnlyForDeploymentPostprocessing = 0;
			shellPath = /bin/sh;
			shellScript = "diff \"${PODS_PODFILE_DIR_PATH}/Podfile.lock\" \"${PODS_ROOT}/Manifest.lock\" > /dev/null\nif [ $? != 0 ] ; then\n    # print error to STDERR\n    echo \"error: The sandbox is not in sync with the Podfile.lock. Run 'pod install' or update your CocoaPods installation.\" >&2\n    exit 1\nfi\n# This output is used by Xcode 'outputs' to avoid re-running this script phase.\necho \"SUCCESS\" > \"${SCRIPT_OUTPUT_FILE_0}\"\n";
			showEnvVarsInLog = 0;
		};
/* End PBXShellScriptBuildPhase section */

/* Begin PBXSourcesBuildPhase section */
		0AC4DD7D2715A9E4003D5FED /* Sources */ = {
			isa = PBXSourcesBuildPhase;
			buildActionMask = 2147483647;
			files = (
				0AC4DD872715A9E4003D5FED /* ContentView.swift in Sources */,
				0AC4DD852715A9E4003D5FED /* Fit_VeinApp.swift in Sources */,
				0AB808CF2715B9D700337924 /* SessionStore.swift in Sources */,
				0AB808D62715C1B500337924 /* SignUpView.swift in Sources */,
				0AB808DB2715DE8F00337924 /* Enums.swift in Sources */,
				0AB808D42715C1AB00337924 /* SignInView.swift in Sources */,
			);
			runOnlyForDeploymentPostprocessing = 0;
		};
/* End PBXSourcesBuildPhase section */

/* Begin XCBuildConfiguration section */
		0AC4DD8D2715A9E5003D5FED /* Debug */ = {
			isa = XCBuildConfiguration;
			buildSettings = {
				ALWAYS_SEARCH_USER_PATHS = NO;
				CLANG_ANALYZER_NONNULL = YES;
				CLANG_ANALYZER_NUMBER_OBJECT_CONVERSION = YES_AGGRESSIVE;
				CLANG_CXX_LANGUAGE_STANDARD = "gnu++17";
				CLANG_CXX_LIBRARY = "libc++";
				CLANG_ENABLE_MODULES = YES;
				CLANG_ENABLE_OBJC_ARC = YES;
				CLANG_ENABLE_OBJC_WEAK = YES;
				CLANG_WARN_BLOCK_CAPTURE_AUTORELEASING = YES;
				CLANG_WARN_BOOL_CONVERSION = YES;
				CLANG_WARN_COMMA = YES;
				CLANG_WARN_CONSTANT_CONVERSION = YES;
				CLANG_WARN_DEPRECATED_OBJC_IMPLEMENTATIONS = YES;
				CLANG_WARN_DIRECT_OBJC_ISA_USAGE = YES_ERROR;
				CLANG_WARN_DOCUMENTATION_COMMENTS = YES;
				CLANG_WARN_EMPTY_BODY = YES;
				CLANG_WARN_ENUM_CONVERSION = YES;
				CLANG_WARN_INFINITE_RECURSION = YES;
				CLANG_WARN_INT_CONVERSION = YES;
				CLANG_WARN_NON_LITERAL_NULL_CONVERSION = YES;
				CLANG_WARN_OBJC_IMPLICIT_RETAIN_SELF = YES;
				CLANG_WARN_OBJC_LITERAL_CONVERSION = YES;
				CLANG_WARN_OBJC_ROOT_CLASS = YES_ERROR;
				CLANG_WARN_QUOTED_INCLUDE_IN_FRAMEWORK_HEADER = YES;
				CLANG_WARN_RANGE_LOOP_ANALYSIS = YES;
				CLANG_WARN_STRICT_PROTOTYPES = YES;
				CLANG_WARN_SUSPICIOUS_MOVE = YES;
				CLANG_WARN_UNGUARDED_AVAILABILITY = YES_AGGRESSIVE;
				CLANG_WARN_UNREACHABLE_CODE = YES;
				CLANG_WARN__DUPLICATE_METHOD_MATCH = YES;
				COPY_PHASE_STRIP = NO;
				DEBUG_INFORMATION_FORMAT = dwarf;
				ENABLE_STRICT_OBJC_MSGSEND = YES;
				ENABLE_TESTABILITY = YES;
				GCC_C_LANGUAGE_STANDARD = gnu11;
				GCC_DYNAMIC_NO_PIC = NO;
				GCC_NO_COMMON_BLOCKS = YES;
				GCC_OPTIMIZATION_LEVEL = 0;
				GCC_PREPROCESSOR_DEFINITIONS = (
					"DEBUG=1",
					"$(inherited)",
				);
				GCC_WARN_64_TO_32_BIT_CONVERSION = YES;
				GCC_WARN_ABOUT_RETURN_TYPE = YES_ERROR;
				GCC_WARN_UNDECLARED_SELECTOR = YES;
				GCC_WARN_UNINITIALIZED_AUTOS = YES_AGGRESSIVE;
				GCC_WARN_UNUSED_FUNCTION = YES;
				GCC_WARN_UNUSED_VARIABLE = YES;
				IPHONEOS_DEPLOYMENT_TARGET = 15.0;
				MTL_ENABLE_DEBUG_INFO = INCLUDE_SOURCE;
				MTL_FAST_MATH = YES;
				ONLY_ACTIVE_ARCH = YES;
				SDKROOT = iphoneos;
				SWIFT_ACTIVE_COMPILATION_CONDITIONS = DEBUG;
				SWIFT_OPTIMIZATION_LEVEL = "-Onone";
			};
			name = Debug;
		};
		0AC4DD8E2715A9E5003D5FED /* Release */ = {
			isa = XCBuildConfiguration;
			buildSettings = {
				ALWAYS_SEARCH_USER_PATHS = NO;
				CLANG_ANALYZER_NONNULL = YES;
				CLANG_ANALYZER_NUMBER_OBJECT_CONVERSION = YES_AGGRESSIVE;
				CLANG_CXX_LANGUAGE_STANDARD = "gnu++17";
				CLANG_CXX_LIBRARY = "libc++";
				CLANG_ENABLE_MODULES = YES;
				CLANG_ENABLE_OBJC_ARC = YES;
				CLANG_ENABLE_OBJC_WEAK = YES;
				CLANG_WARN_BLOCK_CAPTURE_AUTORELEASING = YES;
				CLANG_WARN_BOOL_CONVERSION = YES;
				CLANG_WARN_COMMA = YES;
				CLANG_WARN_CONSTANT_CONVERSION = YES;
				CLANG_WARN_DEPRECATED_OBJC_IMPLEMENTATIONS = YES;
				CLANG_WARN_DIRECT_OBJC_ISA_USAGE = YES_ERROR;
				CLANG_WARN_DOCUMENTATION_COMMENTS = YES;
				CLANG_WARN_EMPTY_BODY = YES;
				CLANG_WARN_ENUM_CONVERSION = YES;
				CLANG_WARN_INFINITE_RECURSION = YES;
				CLANG_WARN_INT_CONVERSION = YES;
				CLANG_WARN_NON_LITERAL_NULL_CONVERSION = YES;
				CLANG_WARN_OBJC_IMPLICIT_RETAIN_SELF = YES;
				CLANG_WARN_OBJC_LITERAL_CONVERSION = YES;
				CLANG_WARN_OBJC_ROOT_CLASS = YES_ERROR;
				CLANG_WARN_QUOTED_INCLUDE_IN_FRAMEWORK_HEADER = YES;
				CLANG_WARN_RANGE_LOOP_ANALYSIS = YES;
				CLANG_WARN_STRICT_PROTOTYPES = YES;
				CLANG_WARN_SUSPICIOUS_MOVE = YES;
				CLANG_WARN_UNGUARDED_AVAILABILITY = YES_AGGRESSIVE;
				CLANG_WARN_UNREACHABLE_CODE = YES;
				CLANG_WARN__DUPLICATE_METHOD_MATCH = YES;
				COPY_PHASE_STRIP = NO;
				DEBUG_INFORMATION_FORMAT = "dwarf-with-dsym";
				ENABLE_NS_ASSERTIONS = NO;
				ENABLE_STRICT_OBJC_MSGSEND = YES;
				GCC_C_LANGUAGE_STANDARD = gnu11;
				GCC_NO_COMMON_BLOCKS = YES;
				GCC_WARN_64_TO_32_BIT_CONVERSION = YES;
				GCC_WARN_ABOUT_RETURN_TYPE = YES_ERROR;
				GCC_WARN_UNDECLARED_SELECTOR = YES;
				GCC_WARN_UNINITIALIZED_AUTOS = YES_AGGRESSIVE;
				GCC_WARN_UNUSED_FUNCTION = YES;
				GCC_WARN_UNUSED_VARIABLE = YES;
				IPHONEOS_DEPLOYMENT_TARGET = 15.0;
				MTL_ENABLE_DEBUG_INFO = NO;
				MTL_FAST_MATH = YES;
				SDKROOT = iphoneos;
				SWIFT_COMPILATION_MODE = wholemodule;
				SWIFT_OPTIMIZATION_LEVEL = "-O";
				VALIDATE_PRODUCT = YES;
			};
			name = Release;
		};
		0AC4DD902715A9E5003D5FED /* Debug */ = {
			isa = XCBuildConfiguration;
			baseConfigurationReference = E0C1C30ACF5CE93B585EC3AC /* Pods-Fit Vein.debug.xcconfig */;
			buildSettings = {
				ASSETCATALOG_COMPILER_APPICON_NAME = AppIcon;
				ASSETCATALOG_COMPILER_GLOBAL_ACCENT_COLOR_NAME = AccentColor;
				CODE_SIGN_STYLE = Automatic;
				CURRENT_PROJECT_VERSION = 1;
				DEVELOPMENT_ASSET_PATHS = "\"Fit Vein/Preview Content\"";
				DEVELOPMENT_TEAM = T3SR62DCTW;
				ENABLE_PREVIEWS = YES;
				GENERATE_INFOPLIST_FILE = YES;
				INFOPLIST_KEY_UIApplicationSceneManifest_Generation = YES;
				INFOPLIST_KEY_UIApplicationSupportsIndirectInputEvents = YES;
				INFOPLIST_KEY_UILaunchScreen_Generation = YES;
				INFOPLIST_KEY_UISupportedInterfaceOrientations = UIInterfaceOrientationPortrait;
				INFOPLIST_KEY_UISupportedInterfaceOrientations_iPad = "UIInterfaceOrientationPortrait UIInterfaceOrientationPortraitUpsideDown UIInterfaceOrientationLandscapeLeft UIInterfaceOrientationLandscapeRight";
				INFOPLIST_KEY_UISupportedInterfaceOrientations_iPhone = "UIInterfaceOrientationPortrait UIInterfaceOrientationLandscapeLeft UIInterfaceOrientationLandscapeRight";
				IPHONEOS_DEPLOYMENT_TARGET = 15.0;
				LD_RUNPATH_SEARCH_PATHS = (
					"$(inherited)",
					"@executable_path/Frameworks",
				);
				MARKETING_VERSION = 1.0;
				PRODUCT_BUNDLE_IDENTIFIER = "ljaniszewski.Fit-Vein";
				PRODUCT_NAME = "$(TARGET_NAME)";
				SWIFT_EMIT_LOC_STRINGS = YES;
				SWIFT_VERSION = 5.0;
				TARGETED_DEVICE_FAMILY = 1;
			};
			name = Debug;
		};
		0AC4DD912715A9E5003D5FED /* Release */ = {
			isa = XCBuildConfiguration;
			baseConfigurationReference = 26DAD44A330F476E6C2B2504 /* Pods-Fit Vein.release.xcconfig */;
			buildSettings = {
				ASSETCATALOG_COMPILER_APPICON_NAME = AppIcon;
				ASSETCATALOG_COMPILER_GLOBAL_ACCENT_COLOR_NAME = AccentColor;
				CODE_SIGN_STYLE = Automatic;
				CURRENT_PROJECT_VERSION = 1;
				DEVELOPMENT_ASSET_PATHS = "\"Fit Vein/Preview Content\"";
				DEVELOPMENT_TEAM = T3SR62DCTW;
				ENABLE_PREVIEWS = YES;
				GENERATE_INFOPLIST_FILE = YES;
				INFOPLIST_KEY_UIApplicationSceneManifest_Generation = YES;
				INFOPLIST_KEY_UIApplicationSupportsIndirectInputEvents = YES;
				INFOPLIST_KEY_UILaunchScreen_Generation = YES;
				INFOPLIST_KEY_UISupportedInterfaceOrientations = UIInterfaceOrientationPortrait;
				INFOPLIST_KEY_UISupportedInterfaceOrientations_iPad = "UIInterfaceOrientationPortrait UIInterfaceOrientationPortraitUpsideDown UIInterfaceOrientationLandscapeLeft UIInterfaceOrientationLandscapeRight";
				INFOPLIST_KEY_UISupportedInterfaceOrientations_iPhone = "UIInterfaceOrientationPortrait UIInterfaceOrientationLandscapeLeft UIInterfaceOrientationLandscapeRight";
				IPHONEOS_DEPLOYMENT_TARGET = 15.0;
				LD_RUNPATH_SEARCH_PATHS = (
					"$(inherited)",
					"@executable_path/Frameworks",
				);
				MARKETING_VERSION = 1.0;
				PRODUCT_BUNDLE_IDENTIFIER = "ljaniszewski.Fit-Vein";
				PRODUCT_NAME = "$(TARGET_NAME)";
				SWIFT_EMIT_LOC_STRINGS = YES;
				SWIFT_VERSION = 5.0;
				TARGETED_DEVICE_FAMILY = 1;
			};
			name = Release;
		};
/* End XCBuildConfiguration section */

/* Begin XCConfigurationList section */
		0AC4DD7C2715A9E4003D5FED /* Build configuration list for PBXProject "Fit Vein" */ = {
			isa = XCConfigurationList;
			buildConfigurations = (
				0AC4DD8D2715A9E5003D5FED /* Debug */,
				0AC4DD8E2715A9E5003D5FED /* Release */,
			);
			defaultConfigurationIsVisible = 0;
			defaultConfigurationName = Release;
		};
		0AC4DD8F2715A9E5003D5FED /* Build configuration list for PBXNativeTarget "Fit Vein" */ = {
			isa = XCConfigurationList;
			buildConfigurations = (
				0AC4DD902715A9E5003D5FED /* Debug */,
				0AC4DD912715A9E5003D5FED /* Release */,
			);
			defaultConfigurationIsVisible = 0;
			defaultConfigurationName = Release;
		};
/* End XCConfigurationList section */
	};
	rootObject = 0AC4DD792715A9E4003D5FED /* Project object */;
}
