// !$*UTF8*$!
{
	archiveVersion = 1;
	classes = {
	};
	objectVersion = 55;
	objects = {

/* Begin PBXBuildFile section */
		0A0174E3278A010200CD45F9 /* HomeTabSubViewShareView.swift in Sources */ = {isa = PBXBuildFile; fileRef = 0A0174E2278A010200CD45F9 /* HomeTabSubViewShareView.swift */; };
		0A0174E5278A011900CD45F9 /* HomeTabSubViewPostsView.swift in Sources */ = {isa = PBXBuildFile; fileRef = 0A0174E4278A011900CD45F9 /* HomeTabSubViewPostsView.swift */; };
		0A0174E7278A023E00CD45F9 /* HomeViewSheetManager.swift in Sources */ = {isa = PBXBuildFile; fileRef = 0A0174E6278A023E00CD45F9 /* HomeViewSheetManager.swift */; };
		0A0174E9278A05E400CD45F9 /* HomeTabSubViewPostDetailsView.swift in Sources */ = {isa = PBXBuildFile; fileRef = 0A0174E8278A05E400CD45F9 /* HomeTabSubViewPostDetailsView.swift */; };
		0A0174EC278B106500CD45F9 /* Lottie in Frameworks */ = {isa = PBXBuildFile; productRef = 0A0174EB278B106500CD45F9 /* Lottie */; };
		0A0174EF278B111F00CD45F9 /* LottieView.swift in Sources */ = {isa = PBXBuildFile; fileRef = 0A0174EE278B111F00CD45F9 /* LottieView.swift */; };
		0A0174FF278B1BA500CD45F9 /* 49988-the-running-man.json in Resources */ = {isa = PBXBuildFile; fileRef = 0A0174F3278B1BA200CD45F9 /* 49988-the-running-man.json */; };
		0A017500278B1BA500CD45F9 /* 20022-character-squat-animation.json in Resources */ = {isa = PBXBuildFile; fileRef = 0A0174F4278B1BA200CD45F9 /* 20022-character-squat-animation.json */; };
		0A017501278B1BA500CD45F9 /* skeleton.json in Resources */ = {isa = PBXBuildFile; fileRef = 0A0174F5278B1BA300CD45F9 /* skeleton.json */; };
		0A017502278B1BA500CD45F9 /* 53949-runner.json in Resources */ = {isa = PBXBuildFile; fileRef = 0A0174F6278B1BA300CD45F9 /* 53949-runner.json */; };
		0A017503278B1BA500CD45F9 /* avocadoWorkout.json in Resources */ = {isa = PBXBuildFile; fileRef = 0A0174F7278B1BA300CD45F9 /* avocadoWorkout.json */; };
		0A017505278B1BA500CD45F9 /* 43323-men-doing-rope-exercise.json in Resources */ = {isa = PBXBuildFile; fileRef = 0A0174F9278B1BA400CD45F9 /* 43323-men-doing-rope-exercise.json */; };
		0A017506278B1BA500CD45F9 /* 70772-smiley-loader.json in Resources */ = {isa = PBXBuildFile; fileRef = 0A0174FA278B1BA400CD45F9 /* 70772-smiley-loader.json */; };
		0A017507278B1BA500CD45F9 /* 88890-loading.json in Resources */ = {isa = PBXBuildFile; fileRef = 0A0174FB278B1BA400CD45F9 /* 88890-loading.json */; };
		0A017508278B1BA500CD45F9 /* loading.json in Resources */ = {isa = PBXBuildFile; fileRef = 0A0174FC278B1BA500CD45F9 /* loading.json */; };
		0A017509278B1BA500CD45F9 /* 90747-loading.json in Resources */ = {isa = PBXBuildFile; fileRef = 0A0174FD278B1BA500CD45F9 /* 90747-loading.json */; };
		0A01750A278B1BA500CD45F9 /* countdown.json in Resources */ = {isa = PBXBuildFile; fileRef = 0A0174FE278B1BA500CD45F9 /* countdown.json */; };
		0A017510278B227600CD45F9 /* downArrows.json in Resources */ = {isa = PBXBuildFile; fileRef = 0A01750F278B227600CD45F9 /* downArrows.json */; };
		0A017512278B247200CD45F9 /* noInternetConnection.json in Resources */ = {isa = PBXBuildFile; fileRef = 0A017511278B247200CD45F9 /* noInternetConnection.json */; };
		0A017514278B24A700CD45F9 /* countdown2.json in Resources */ = {isa = PBXBuildFile; fileRef = 0A017513278B24A700CD45F9 /* countdown2.json */; };
		0A05CF302783183F005432E3 /* RCValues.swift in Sources */ = {isa = PBXBuildFile; fileRef = 0A05CF2F2783183F005432E3 /* RCValues.swift */; };
		0A05CF33278334B8005432E3 /* PreLaunchView.swift in Sources */ = {isa = PBXBuildFile; fileRef = 0A05CF32278334B8005432E3 /* PreLaunchView.swift */; };
		0A05CF3F27846B1D005432E3 /* Fit_Vein_Tests.swift in Sources */ = {isa = PBXBuildFile; fileRef = 0A05CF3E27846B1D005432E3 /* Fit_Vein_Tests.swift */; };
		0A20A8A72729FF790058F3DB /* FitVeinIconDark.png in Resources */ = {isa = PBXBuildFile; fileRef = 0A20A8A52729FF790058F3DB /* FitVeinIconDark.png */; };
		0A20A8A82729FF790058F3DB /* FitVeinIconLight.png in Resources */ = {isa = PBXBuildFile; fileRef = 0A20A8A62729FF790058F3DB /* FitVeinIconLight.png */; };
		0A4174732725D45A00DF4460 /* OnboardingView.swift in Sources */ = {isa = PBXBuildFile; fileRef = 0A4174722725D45A00DF4460 /* OnboardingView.swift */; };
		0A4174772726CC1A00DF4460 /* IntervalWorkout.swift in Sources */ = {isa = PBXBuildFile; fileRef = 0A4174762726CC1A00DF4460 /* IntervalWorkout.swift */; };
		0A4BF9242728500800311D24 /* WorkoutTimerView.swift in Sources */ = {isa = PBXBuildFile; fileRef = 0A4BF9232728500800311D24 /* WorkoutTimerView.swift */; };
		0A4BF92A2728552100311D24 /* FinishedWorkoutView.swift in Sources */ = {isa = PBXBuildFile; fileRef = 0A4BF9292728552000311D24 /* FinishedWorkoutView.swift */; };
		0A57AC2C27453DC600CEC302 /* HealthKit.framework in Frameworks */ = {isa = PBXBuildFile; fileRef = 0A57AC2B27453DC600CEC302 /* HealthKit.framework */; };
		0A61E19C2784AB3900A7FD34 /* FunctionsTests.swift in Sources */ = {isa = PBXBuildFile; fileRef = 0A61E19B2784AB3900A7FD34 /* FunctionsTests.swift */; };
		0A61E19E2784AFA700A7FD34 /* HealthStatTests.swift in Sources */ = {isa = PBXBuildFile; fileRef = 0A61E19D2784AFA700A7FD34 /* HealthStatTests.swift */; };
		0A61E1A02784B7C900A7FD34 /* PostTests.swift in Sources */ = {isa = PBXBuildFile; fileRef = 0A61E19F2784B7C900A7FD34 /* PostTests.swift */; };
		0A61E1A22784BA8300A7FD34 /* IntervalWorkoutTests.swift in Sources */ = {isa = PBXBuildFile; fileRef = 0A61E1A12784BA8300A7FD34 /* IntervalWorkoutTests.swift */; };
		0A61E1AA2784C7A300A7FD34 /* Fit_Vein_UI_Tests.swift in Sources */ = {isa = PBXBuildFile; fileRef = 0A61E1A92784C7A300A7FD34 /* Fit_Vein_UI_Tests.swift */; };
		0A61E1AC2784C7A300A7FD34 /* Fit_Vein_UI_TestsLaunchTests.swift in Sources */ = {isa = PBXBuildFile; fileRef = 0A61E1AB2784C7A300A7FD34 /* Fit_Vein_UI_TestsLaunchTests.swift */; };
		0A67B1D2272AD8AE007F8891 /* Post.swift in Sources */ = {isa = PBXBuildFile; fileRef = 0A67B1D1272AD8AE007F8891 /* Post.swift */; };
		0A67B1D4272AF359007F8891 /* NotificationsView.swift in Sources */ = {isa = PBXBuildFile; fileRef = 0A67B1D3272AF359007F8891 /* NotificationsView.swift */; };
		0A67B1D6272B04EC007F8891 /* SearchFriendsView.swift in Sources */ = {isa = PBXBuildFile; fileRef = 0A67B1D5272B04EC007F8891 /* SearchFriendsView.swift */; };
		0A67B1D8272B0652007F8891 /* EditPostView.swift in Sources */ = {isa = PBXBuildFile; fileRef = 0A67B1D7272B0652007F8891 /* EditPostView.swift */; };
		0A7CA660274D7AC000B97EF2 /* HomeTabFetchingView.swift in Sources */ = {isa = PBXBuildFile; fileRef = 0A7CA65F274D7AC000B97EF2 /* HomeTabFetchingView.swift */; };
		0A7CA662274D7AD100B97EF2 /* ProfileTabFetchingView.swift in Sources */ = {isa = PBXBuildFile; fileRef = 0A7CA661274D7AD100B97EF2 /* ProfileTabFetchingView.swift */; };
		0A7CA668274E7FAF00B97EF2 /* HealthStat.swift in Sources */ = {isa = PBXBuildFile; fileRef = 0A7CA667274E7FAF00B97EF2 /* HealthStat.swift */; };
		0A7CA66A274E802F00B97EF2 /* HealthKitRepository.swift in Sources */ = {isa = PBXBuildFile; fileRef = 0A7CA669274E802F00B97EF2 /* HealthKitRepository.swift */; };
		0A7CA66E274ED88900B97EF2 /* HealthKitViewModel.swift in Sources */ = {isa = PBXBuildFile; fileRef = 0A7CA66D274ED88900B97EF2 /* HealthKitViewModel.swift */; };
		0A83A26C278B65F20061973B /* runningMan.json in Resources */ = {isa = PBXBuildFile; fileRef = 0A83A26B278B65F20061973B /* runningMan.json */; };
		0A83A26E278B69A50061973B /* notifications.json in Resources */ = {isa = PBXBuildFile; fileRef = 0A83A26D278B69A50061973B /* notifications.json */; };
		0A83A270278B8A190061973B /* NetworkManager.swift in Sources */ = {isa = PBXBuildFile; fileRef = 0A83A26F278B8A190061973B /* NetworkManager.swift */; };
		0A8F574C2720B70E00183F47 /* RingProgressViewStyle.swift in Sources */ = {isa = PBXBuildFile; fileRef = 0A8F574B2720B70E00183F47 /* RingProgressViewStyle.swift */; };
		0A8F574E2720B8A400183F47 /* SettingsView.swift in Sources */ = {isa = PBXBuildFile; fileRef = 0A8F574D2720B8A400183F47 /* SettingsView.swift */; };
		0AB808CF2715B9D700337924 /* SessionStore.swift in Sources */ = {isa = PBXBuildFile; fileRef = 0AB808CE2715B9D700337924 /* SessionStore.swift */; };
		0AB808D42715C1AB00337924 /* SignInView.swift in Sources */ = {isa = PBXBuildFile; fileRef = 0AB808D32715C1AB00337924 /* SignInView.swift */; };
		0AB808D62715C1B500337924 /* SignUpView.swift in Sources */ = {isa = PBXBuildFile; fileRef = 0AB808D52715C1B500337924 /* SignUpView.swift */; };
		0AB808D82715D77800337924 /* gym.jpg in Resources */ = {isa = PBXBuildFile; fileRef = 0AB808D72715D77800337924 /* gym.jpg */; };
		0AB808DB2715DE8F00337924 /* Enums.swift in Sources */ = {isa = PBXBuildFile; fileRef = 0AB808DA2715DE8F00337924 /* Enums.swift */; };
		0ABE14312716EC23009CD67A /* FirestoreManager.swift in Sources */ = {isa = PBXBuildFile; fileRef = 0ABE14302716EC23009CD67A /* FirestoreManager.swift */; };
		0ABE14332716EC3E009CD67A /* FirebaseStorageManager.swift in Sources */ = {isa = PBXBuildFile; fileRef = 0ABE14322716EC3E009CD67A /* FirebaseStorageManager.swift */; };
		0ABE143A2716F114009CD67A /* Functions.swift in Sources */ = {isa = PBXBuildFile; fileRef = 0ABE14392716F114009CD67A /* Functions.swift */; };
		0ABE143C2716F6BE009CD67A /* SignUpViewModel.swift in Sources */ = {isa = PBXBuildFile; fileRef = 0ABE143B2716F6BE009CD67A /* SignUpViewModel.swift */; };
		0ABE143E27170333009CD67A /* Errors.swift in Sources */ = {isa = PBXBuildFile; fileRef = 0ABE143D27170333009CD67A /* Errors.swift */; };
		0ABE1440271712AA009CD67A /* SignInViewModel.swift in Sources */ = {isa = PBXBuildFile; fileRef = 0ABE143F271712AA009CD67A /* SignInViewModel.swift */; };
		0ABE144227203B47009CD67A /* HomeView.swift in Sources */ = {isa = PBXBuildFile; fileRef = 0ABE144127203B47009CD67A /* HomeView.swift */; };
		0ABE144627203BB0009CD67A /* LoggedUserView.swift in Sources */ = {isa = PBXBuildFile; fileRef = 0ABE144527203BB0009CD67A /* LoggedUserView.swift */; };
		0ABE144827203D04009CD67A /* WorkoutView.swift in Sources */ = {isa = PBXBuildFile; fileRef = 0ABE144727203D04009CD67A /* WorkoutView.swift */; };
		0ABE144A27203D0D009CD67A /* ProfileView.swift in Sources */ = {isa = PBXBuildFile; fileRef = 0ABE144927203D0D009CD67A /* ProfileView.swift */; };
		0ABE144C27203DD9009CD67A /* HomeViewModel.swift in Sources */ = {isa = PBXBuildFile; fileRef = 0ABE144B27203DD9009CD67A /* HomeViewModel.swift */; };
		0ABE144E27203DE7009CD67A /* WorkoutViewModel.swift in Sources */ = {isa = PBXBuildFile; fileRef = 0ABE144D27203DE7009CD67A /* WorkoutViewModel.swift */; };
		0ABE145027203DEF009CD67A /* ProfileViewModel.swift in Sources */ = {isa = PBXBuildFile; fileRef = 0ABE144F27203DEF009CD67A /* ProfileViewModel.swift */; };
		0ABE145327203E68009CD67A /* Profile.swift in Sources */ = {isa = PBXBuildFile; fileRef = 0ABE145227203E68009CD67A /* Profile.swift */; };
		0ABE145527204ABC009CD67A /* blank-profile-hi.png in Resources */ = {isa = PBXBuildFile; fileRef = 0ABE145427204ABC009CD67A /* blank-profile-hi.png */; };
		0ABE145727204C72009CD67A /* SwiftUIImagePicker.swift in Sources */ = {isa = PBXBuildFile; fileRef = 0ABE145627204C72009CD67A /* SwiftUIImagePicker.swift */; };
		0ABEF73327788624007E20FC /* PostCommentsView.swift in Sources */ = {isa = PBXBuildFile; fileRef = 0ABEF73227788624007E20FC /* PostCommentsView.swift */; };
		0AC41CF627274F6A00DA5491 /* HealthTabView.swift in Sources */ = {isa = PBXBuildFile; fileRef = 0AC41CF527274F6A00DA5491 /* HealthTabView.swift */; };
		0AC41CF827274F7300DA5491 /* WorkoutTabView.swift in Sources */ = {isa = PBXBuildFile; fileRef = 0AC41CF727274F7300DA5491 /* WorkoutTabView.swift */; };
		0AC4DD852715A9E4003D5FED /* Fit_VeinApp.swift in Sources */ = {isa = PBXBuildFile; fileRef = 0AC4DD842715A9E4003D5FED /* Fit_VeinApp.swift */; };
		0AC4DD872715A9E4003D5FED /* ContentView.swift in Sources */ = {isa = PBXBuildFile; fileRef = 0AC4DD862715A9E4003D5FED /* ContentView.swift */; };
		0AC4DD892715A9E5003D5FED /* Assets.xcassets in Resources */ = {isa = PBXBuildFile; fileRef = 0AC4DD882715A9E5003D5FED /* Assets.xcassets */; };
		0AC4DD8C2715A9E5003D5FED /* Preview Assets.xcassets in Resources */ = {isa = PBXBuildFile; fileRef = 0AC4DD8B2715A9E5003D5FED /* Preview Assets.xcassets */; };
		0AD3A40727275E0D00396FE7 /* sprint2.png in Resources */ = {isa = PBXBuildFile; fileRef = 0AD3A40627275E0C00396FE7 /* sprint2.png */; };
		0ADC2DF02715AE43003ED144 /* GoogleService-Info.plist in Resources */ = {isa = PBXBuildFile; fileRef = 0ADC2DEF2715AE43003ED144 /* GoogleService-Info.plist */; };
		0AE00BA7276CC9B600C876FE /* AddPostView.swift in Sources */ = {isa = PBXBuildFile; fileRef = 0AE00BA6276CC9B600C876FE /* AddPostView.swift */; };
		66FED7147794B758A93CA5EB /* Pods_Fit_Vein_Tests.framework in Frameworks */ = {isa = PBXBuildFile; fileRef = F2B0E25E782608E9285D3BBD /* Pods_Fit_Vein_Tests.framework */; };
		6A4AD7636321007C788C53F4 /* Pods_Fit_Vein.framework in Frameworks */ = {isa = PBXBuildFile; fileRef = 5CED23260406289D2ED2107A /* Pods_Fit_Vein.framework */; };
		B7C89F7FE74B6BD9A74165C4 /* Pods_Fit_Vein_UI_Tests.framework in Frameworks */ = {isa = PBXBuildFile; fileRef = 743D6606A659D83B693E5ACD /* Pods_Fit_Vein_UI_Tests.framework */; };
/* End PBXBuildFile section */

/* Begin PBXContainerItemProxy section */
		0A05CF4027846B1D005432E3 /* PBXContainerItemProxy */ = {
			isa = PBXContainerItemProxy;
			containerPortal = 0AC4DD792715A9E4003D5FED /* Project object */;
			proxyType = 1;
			remoteGlobalIDString = 0AC4DD802715A9E4003D5FED;
			remoteInfo = "Fit Vein";
		};
		0A61E1AD2784C7A300A7FD34 /* PBXContainerItemProxy */ = {
			isa = PBXContainerItemProxy;
			containerPortal = 0AC4DD792715A9E4003D5FED /* Project object */;
			proxyType = 1;
			remoteGlobalIDString = 0AC4DD802715A9E4003D5FED;
			remoteInfo = "Fit Vein";
		};
/* End PBXContainerItemProxy section */

/* Begin PBXFileReference section */
		0A0174E2278A010200CD45F9 /* HomeTabSubViewShareView.swift */ = {isa = PBXFileReference; lastKnownFileType = sourcecode.swift; path = HomeTabSubViewShareView.swift; sourceTree = "<group>"; };
		0A0174E4278A011900CD45F9 /* HomeTabSubViewPostsView.swift */ = {isa = PBXFileReference; lastKnownFileType = sourcecode.swift; path = HomeTabSubViewPostsView.swift; sourceTree = "<group>"; };
		0A0174E6278A023E00CD45F9 /* HomeViewSheetManager.swift */ = {isa = PBXFileReference; lastKnownFileType = sourcecode.swift; path = HomeViewSheetManager.swift; sourceTree = "<group>"; };
		0A0174E8278A05E400CD45F9 /* HomeTabSubViewPostDetailsView.swift */ = {isa = PBXFileReference; lastKnownFileType = sourcecode.swift; path = HomeTabSubViewPostDetailsView.swift; sourceTree = "<group>"; };
		0A0174EE278B111F00CD45F9 /* LottieView.swift */ = {isa = PBXFileReference; lastKnownFileType = sourcecode.swift; path = LottieView.swift; sourceTree = "<group>"; };
		0A0174F3278B1BA200CD45F9 /* 49988-the-running-man.json */ = {isa = PBXFileReference; fileEncoding = 4; lastKnownFileType = text.json; path = "49988-the-running-man.json"; sourceTree = "<group>"; };
		0A0174F4278B1BA200CD45F9 /* 20022-character-squat-animation.json */ = {isa = PBXFileReference; fileEncoding = 4; lastKnownFileType = text.json; path = "20022-character-squat-animation.json"; sourceTree = "<group>"; };
		0A0174F5278B1BA300CD45F9 /* skeleton.json */ = {isa = PBXFileReference; fileEncoding = 4; lastKnownFileType = text.json; path = skeleton.json; sourceTree = "<group>"; };
		0A0174F6278B1BA300CD45F9 /* 53949-runner.json */ = {isa = PBXFileReference; fileEncoding = 4; lastKnownFileType = text.json; path = "53949-runner.json"; sourceTree = "<group>"; };
		0A0174F7278B1BA300CD45F9 /* avocadoWorkout.json */ = {isa = PBXFileReference; fileEncoding = 4; lastKnownFileType = text.json; path = avocadoWorkout.json; sourceTree = "<group>"; };
		0A0174F9278B1BA400CD45F9 /* 43323-men-doing-rope-exercise.json */ = {isa = PBXFileReference; fileEncoding = 4; lastKnownFileType = text.json; path = "43323-men-doing-rope-exercise.json"; sourceTree = "<group>"; };
		0A0174FA278B1BA400CD45F9 /* 70772-smiley-loader.json */ = {isa = PBXFileReference; fileEncoding = 4; lastKnownFileType = text.json; path = "70772-smiley-loader.json"; sourceTree = "<group>"; };
		0A0174FB278B1BA400CD45F9 /* 88890-loading.json */ = {isa = PBXFileReference; fileEncoding = 4; lastKnownFileType = text.json; path = "88890-loading.json"; sourceTree = "<group>"; };
		0A0174FC278B1BA500CD45F9 /* loading.json */ = {isa = PBXFileReference; fileEncoding = 4; lastKnownFileType = text.json; path = loading.json; sourceTree = "<group>"; };
		0A0174FD278B1BA500CD45F9 /* 90747-loading.json */ = {isa = PBXFileReference; fileEncoding = 4; lastKnownFileType = text.json; path = "90747-loading.json"; sourceTree = "<group>"; };
		0A0174FE278B1BA500CD45F9 /* countdown.json */ = {isa = PBXFileReference; fileEncoding = 4; lastKnownFileType = text.json; path = countdown.json; sourceTree = "<group>"; };
		0A01750F278B227600CD45F9 /* downArrows.json */ = {isa = PBXFileReference; fileEncoding = 4; lastKnownFileType = text.json; path = downArrows.json; sourceTree = "<group>"; };
		0A017511278B247200CD45F9 /* noInternetConnection.json */ = {isa = PBXFileReference; fileEncoding = 4; lastKnownFileType = text.json; path = noInternetConnection.json; sourceTree = "<group>"; };
		0A017513278B24A700CD45F9 /* countdown2.json */ = {isa = PBXFileReference; fileEncoding = 4; lastKnownFileType = text.json; path = countdown2.json; sourceTree = "<group>"; };
		0A05CF2F2783183F005432E3 /* RCValues.swift */ = {isa = PBXFileReference; lastKnownFileType = sourcecode.swift; path = RCValues.swift; sourceTree = "<group>"; };
		0A05CF32278334B8005432E3 /* PreLaunchView.swift */ = {isa = PBXFileReference; lastKnownFileType = sourcecode.swift; path = PreLaunchView.swift; sourceTree = "<group>"; };
		0A05CF3C27846B1D005432E3 /* Fit Vein Tests.xctest */ = {isa = PBXFileReference; explicitFileType = wrapper.cfbundle; includeInIndex = 0; path = "Fit Vein Tests.xctest"; sourceTree = BUILT_PRODUCTS_DIR; };
		0A05CF3E27846B1D005432E3 /* Fit_Vein_Tests.swift */ = {isa = PBXFileReference; lastKnownFileType = sourcecode.swift; path = Fit_Vein_Tests.swift; sourceTree = "<group>"; };
		0A20A8A52729FF790058F3DB /* FitVeinIconDark.png */ = {isa = PBXFileReference; lastKnownFileType = image.png; name = FitVeinIconDark.png; path = Assets.xcassets/FitVeinIconDark.png; sourceTree = "<group>"; };
		0A20A8A62729FF790058F3DB /* FitVeinIconLight.png */ = {isa = PBXFileReference; lastKnownFileType = image.png; name = FitVeinIconLight.png; path = Assets.xcassets/FitVeinIconLight.png; sourceTree = "<group>"; };
		0A4174722725D45A00DF4460 /* OnboardingView.swift */ = {isa = PBXFileReference; lastKnownFileType = sourcecode.swift; path = OnboardingView.swift; sourceTree = "<group>"; };
		0A4174762726CC1A00DF4460 /* IntervalWorkout.swift */ = {isa = PBXFileReference; lastKnownFileType = sourcecode.swift; path = IntervalWorkout.swift; sourceTree = "<group>"; };
		0A4BF9232728500800311D24 /* WorkoutTimerView.swift */ = {isa = PBXFileReference; lastKnownFileType = sourcecode.swift; path = WorkoutTimerView.swift; sourceTree = "<group>"; };
		0A4BF9292728552000311D24 /* FinishedWorkoutView.swift */ = {isa = PBXFileReference; lastKnownFileType = sourcecode.swift; path = FinishedWorkoutView.swift; sourceTree = "<group>"; };
		0A57AC2A27453DC600CEC302 /* Fit Vein.entitlements */ = {isa = PBXFileReference; lastKnownFileType = text.plist.entitlements; path = "Fit Vein.entitlements"; sourceTree = "<group>"; };
		0A57AC2B27453DC600CEC302 /* HealthKit.framework */ = {isa = PBXFileReference; lastKnownFileType = wrapper.framework; name = HealthKit.framework; path = System/Library/Frameworks/HealthKit.framework; sourceTree = SDKROOT; };
		0A61E19B2784AB3900A7FD34 /* FunctionsTests.swift */ = {isa = PBXFileReference; lastKnownFileType = sourcecode.swift; path = FunctionsTests.swift; sourceTree = "<group>"; };
		0A61E19D2784AFA700A7FD34 /* HealthStatTests.swift */ = {isa = PBXFileReference; lastKnownFileType = sourcecode.swift; path = HealthStatTests.swift; sourceTree = "<group>"; };
		0A61E19F2784B7C900A7FD34 /* PostTests.swift */ = {isa = PBXFileReference; lastKnownFileType = sourcecode.swift; path = PostTests.swift; sourceTree = "<group>"; };
		0A61E1A12784BA8300A7FD34 /* IntervalWorkoutTests.swift */ = {isa = PBXFileReference; lastKnownFileType = sourcecode.swift; path = IntervalWorkoutTests.swift; sourceTree = "<group>"; };
		0A61E1A72784C7A300A7FD34 /* Fit Vein UI Tests.xctest */ = {isa = PBXFileReference; explicitFileType = wrapper.cfbundle; includeInIndex = 0; path = "Fit Vein UI Tests.xctest"; sourceTree = BUILT_PRODUCTS_DIR; };
		0A61E1A92784C7A300A7FD34 /* Fit_Vein_UI_Tests.swift */ = {isa = PBXFileReference; lastKnownFileType = sourcecode.swift; path = Fit_Vein_UI_Tests.swift; sourceTree = "<group>"; };
		0A61E1AB2784C7A300A7FD34 /* Fit_Vein_UI_TestsLaunchTests.swift */ = {isa = PBXFileReference; lastKnownFileType = sourcecode.swift; path = Fit_Vein_UI_TestsLaunchTests.swift; sourceTree = "<group>"; };
		0A67B1D1272AD8AE007F8891 /* Post.swift */ = {isa = PBXFileReference; lastKnownFileType = sourcecode.swift; path = Post.swift; sourceTree = "<group>"; };
		0A67B1D3272AF359007F8891 /* NotificationsView.swift */ = {isa = PBXFileReference; lastKnownFileType = sourcecode.swift; path = NotificationsView.swift; sourceTree = "<group>"; };
		0A67B1D5272B04EC007F8891 /* SearchFriendsView.swift */ = {isa = PBXFileReference; lastKnownFileType = sourcecode.swift; path = SearchFriendsView.swift; sourceTree = "<group>"; };
		0A67B1D7272B0652007F8891 /* EditPostView.swift */ = {isa = PBXFileReference; lastKnownFileType = sourcecode.swift; path = EditPostView.swift; sourceTree = "<group>"; };
		0A7CA65F274D7AC000B97EF2 /* HomeTabFetchingView.swift */ = {isa = PBXFileReference; lastKnownFileType = sourcecode.swift; path = HomeTabFetchingView.swift; sourceTree = "<group>"; };
		0A7CA661274D7AD100B97EF2 /* ProfileTabFetchingView.swift */ = {isa = PBXFileReference; lastKnownFileType = sourcecode.swift; path = ProfileTabFetchingView.swift; sourceTree = "<group>"; };
		0A7CA667274E7FAF00B97EF2 /* HealthStat.swift */ = {isa = PBXFileReference; lastKnownFileType = sourcecode.swift; path = HealthStat.swift; sourceTree = "<group>"; };
		0A7CA669274E802F00B97EF2 /* HealthKitRepository.swift */ = {isa = PBXFileReference; lastKnownFileType = sourcecode.swift; path = HealthKitRepository.swift; sourceTree = "<group>"; };
		0A7CA66D274ED88900B97EF2 /* HealthKitViewModel.swift */ = {isa = PBXFileReference; lastKnownFileType = sourcecode.swift; path = HealthKitViewModel.swift; sourceTree = "<group>"; };
		0A83A26A278B59E30061973B /* Fit-Vein-Info.plist */ = {isa = PBXFileReference; lastKnownFileType = text.plist; path = "Fit-Vein-Info.plist"; sourceTree = SOURCE_ROOT; };
		0A83A26B278B65F20061973B /* runningMan.json */ = {isa = PBXFileReference; fileEncoding = 4; lastKnownFileType = text.json; path = runningMan.json; sourceTree = "<group>"; };
		0A83A26D278B69A50061973B /* notifications.json */ = {isa = PBXFileReference; fileEncoding = 4; lastKnownFileType = text.json; path = notifications.json; sourceTree = "<group>"; };
		0A83A26F278B8A190061973B /* NetworkManager.swift */ = {isa = PBXFileReference; lastKnownFileType = sourcecode.swift; path = NetworkManager.swift; sourceTree = "<group>"; };
		0A8F574B2720B70E00183F47 /* RingProgressViewStyle.swift */ = {isa = PBXFileReference; lastKnownFileType = sourcecode.swift; path = RingProgressViewStyle.swift; sourceTree = "<group>"; };
		0A8F574D2720B8A400183F47 /* SettingsView.swift */ = {isa = PBXFileReference; lastKnownFileType = sourcecode.swift; path = SettingsView.swift; sourceTree = "<group>"; };
		0AB808CE2715B9D700337924 /* SessionStore.swift */ = {isa = PBXFileReference; lastKnownFileType = sourcecode.swift; path = SessionStore.swift; sourceTree = "<group>"; };
		0AB808D32715C1AB00337924 /* SignInView.swift */ = {isa = PBXFileReference; lastKnownFileType = sourcecode.swift; path = SignInView.swift; sourceTree = "<group>"; };
		0AB808D52715C1B500337924 /* SignUpView.swift */ = {isa = PBXFileReference; lastKnownFileType = sourcecode.swift; path = SignUpView.swift; sourceTree = "<group>"; };
		0AB808D72715D77800337924 /* gym.jpg */ = {isa = PBXFileReference; lastKnownFileType = image.jpeg; name = gym.jpg; path = Assets.xcassets/gym.jpg; sourceTree = "<group>"; };
		0AB808DA2715DE8F00337924 /* Enums.swift */ = {isa = PBXFileReference; lastKnownFileType = sourcecode.swift; path = Enums.swift; sourceTree = "<group>"; };
		0ABE14302716EC23009CD67A /* FirestoreManager.swift */ = {isa = PBXFileReference; lastKnownFileType = sourcecode.swift; path = FirestoreManager.swift; sourceTree = "<group>"; };
		0ABE14322716EC3E009CD67A /* FirebaseStorageManager.swift */ = {isa = PBXFileReference; lastKnownFileType = sourcecode.swift; path = FirebaseStorageManager.swift; sourceTree = "<group>"; };
		0ABE14392716F114009CD67A /* Functions.swift */ = {isa = PBXFileReference; lastKnownFileType = sourcecode.swift; path = Functions.swift; sourceTree = "<group>"; };
		0ABE143B2716F6BE009CD67A /* SignUpViewModel.swift */ = {isa = PBXFileReference; lastKnownFileType = sourcecode.swift; path = SignUpViewModel.swift; sourceTree = "<group>"; };
		0ABE143D27170333009CD67A /* Errors.swift */ = {isa = PBXFileReference; lastKnownFileType = sourcecode.swift; path = Errors.swift; sourceTree = "<group>"; };
		0ABE143F271712AA009CD67A /* SignInViewModel.swift */ = {isa = PBXFileReference; lastKnownFileType = sourcecode.swift; path = SignInViewModel.swift; sourceTree = "<group>"; };
		0ABE144127203B47009CD67A /* HomeView.swift */ = {isa = PBXFileReference; lastKnownFileType = sourcecode.swift; path = HomeView.swift; sourceTree = "<group>"; };
		0ABE144527203BB0009CD67A /* LoggedUserView.swift */ = {isa = PBXFileReference; lastKnownFileType = sourcecode.swift; path = LoggedUserView.swift; sourceTree = "<group>"; };
		0ABE144727203D04009CD67A /* WorkoutView.swift */ = {isa = PBXFileReference; lastKnownFileType = sourcecode.swift; path = WorkoutView.swift; sourceTree = "<group>"; };
		0ABE144927203D0D009CD67A /* ProfileView.swift */ = {isa = PBXFileReference; lastKnownFileType = sourcecode.swift; path = ProfileView.swift; sourceTree = "<group>"; };
		0ABE144B27203DD9009CD67A /* HomeViewModel.swift */ = {isa = PBXFileReference; lastKnownFileType = sourcecode.swift; path = HomeViewModel.swift; sourceTree = "<group>"; };
		0ABE144D27203DE7009CD67A /* WorkoutViewModel.swift */ = {isa = PBXFileReference; lastKnownFileType = sourcecode.swift; path = WorkoutViewModel.swift; sourceTree = "<group>"; };
		0ABE144F27203DEF009CD67A /* ProfileViewModel.swift */ = {isa = PBXFileReference; lastKnownFileType = sourcecode.swift; path = ProfileViewModel.swift; sourceTree = "<group>"; };
		0ABE145227203E68009CD67A /* Profile.swift */ = {isa = PBXFileReference; lastKnownFileType = sourcecode.swift; path = Profile.swift; sourceTree = "<group>"; };
		0ABE145427204ABC009CD67A /* blank-profile-hi.png */ = {isa = PBXFileReference; lastKnownFileType = image.png; name = "blank-profile-hi.png"; path = "Assets.xcassets/blank-profile-hi.png"; sourceTree = "<group>"; };
		0ABE145627204C72009CD67A /* SwiftUIImagePicker.swift */ = {isa = PBXFileReference; lastKnownFileType = sourcecode.swift; path = SwiftUIImagePicker.swift; sourceTree = "<group>"; };
		0ABEF73227788624007E20FC /* PostCommentsView.swift */ = {isa = PBXFileReference; lastKnownFileType = sourcecode.swift; path = PostCommentsView.swift; sourceTree = "<group>"; };
		0AC41CF527274F6A00DA5491 /* HealthTabView.swift */ = {isa = PBXFileReference; lastKnownFileType = sourcecode.swift; path = HealthTabView.swift; sourceTree = "<group>"; };
		0AC41CF727274F7300DA5491 /* WorkoutTabView.swift */ = {isa = PBXFileReference; lastKnownFileType = sourcecode.swift; path = WorkoutTabView.swift; sourceTree = "<group>"; };
		0AC4DD812715A9E4003D5FED /* Fit Vein.app */ = {isa = PBXFileReference; explicitFileType = wrapper.application; includeInIndex = 0; path = "Fit Vein.app"; sourceTree = BUILT_PRODUCTS_DIR; };
		0AC4DD842715A9E4003D5FED /* Fit_VeinApp.swift */ = {isa = PBXFileReference; lastKnownFileType = sourcecode.swift; path = Fit_VeinApp.swift; sourceTree = "<group>"; };
		0AC4DD862715A9E4003D5FED /* ContentView.swift */ = {isa = PBXFileReference; lastKnownFileType = sourcecode.swift; path = ContentView.swift; sourceTree = "<group>"; };
		0AC4DD882715A9E5003D5FED /* Assets.xcassets */ = {isa = PBXFileReference; lastKnownFileType = folder.assetcatalog; path = Assets.xcassets; sourceTree = "<group>"; };
		0AC4DD8B2715A9E5003D5FED /* Preview Assets.xcassets */ = {isa = PBXFileReference; lastKnownFileType = folder.assetcatalog; path = "Preview Assets.xcassets"; sourceTree = "<group>"; };
		0AD3A40627275E0C00396FE7 /* sprint2.png */ = {isa = PBXFileReference; lastKnownFileType = image.png; name = sprint2.png; path = Assets.xcassets/sprint2.png; sourceTree = "<group>"; };
		0ADC2DEF2715AE43003ED144 /* GoogleService-Info.plist */ = {isa = PBXFileReference; fileEncoding = 4; lastKnownFileType = text.plist.xml; path = "GoogleService-Info.plist"; sourceTree = "<group>"; };
		0AE00BA6276CC9B600C876FE /* AddPostView.swift */ = {isa = PBXFileReference; lastKnownFileType = sourcecode.swift; path = AddPostView.swift; sourceTree = "<group>"; };
		0C2E961B1423F530440ECB7F /* Pods-Fit Vein UI Tests.release.xcconfig */ = {isa = PBXFileReference; includeInIndex = 1; lastKnownFileType = text.xcconfig; name = "Pods-Fit Vein UI Tests.release.xcconfig"; path = "Target Support Files/Pods-Fit Vein UI Tests/Pods-Fit Vein UI Tests.release.xcconfig"; sourceTree = "<group>"; };
		26DAD44A330F476E6C2B2504 /* Pods-Fit Vein.release.xcconfig */ = {isa = PBXFileReference; includeInIndex = 1; lastKnownFileType = text.xcconfig; name = "Pods-Fit Vein.release.xcconfig"; path = "Target Support Files/Pods-Fit Vein/Pods-Fit Vein.release.xcconfig"; sourceTree = "<group>"; };
		5B02FB63BC6B71B96A89C619 /* Pods-Fit Vein Tests.release.xcconfig */ = {isa = PBXFileReference; includeInIndex = 1; lastKnownFileType = text.xcconfig; name = "Pods-Fit Vein Tests.release.xcconfig"; path = "Target Support Files/Pods-Fit Vein Tests/Pods-Fit Vein Tests.release.xcconfig"; sourceTree = "<group>"; };
		5CED23260406289D2ED2107A /* Pods_Fit_Vein.framework */ = {isa = PBXFileReference; explicitFileType = wrapper.framework; includeInIndex = 0; path = Pods_Fit_Vein.framework; sourceTree = BUILT_PRODUCTS_DIR; };
		7241D52AD211827CDBD73F2A /* Pods-Fit Vein UI Tests.debug.xcconfig */ = {isa = PBXFileReference; includeInIndex = 1; lastKnownFileType = text.xcconfig; name = "Pods-Fit Vein UI Tests.debug.xcconfig"; path = "Target Support Files/Pods-Fit Vein UI Tests/Pods-Fit Vein UI Tests.debug.xcconfig"; sourceTree = "<group>"; };
		743D6606A659D83B693E5ACD /* Pods_Fit_Vein_UI_Tests.framework */ = {isa = PBXFileReference; explicitFileType = wrapper.framework; includeInIndex = 0; path = Pods_Fit_Vein_UI_Tests.framework; sourceTree = BUILT_PRODUCTS_DIR; };
		E0439AB4B27F41559992ECE5 /* Pods-Fit Vein Tests.debug.xcconfig */ = {isa = PBXFileReference; includeInIndex = 1; lastKnownFileType = text.xcconfig; name = "Pods-Fit Vein Tests.debug.xcconfig"; path = "Target Support Files/Pods-Fit Vein Tests/Pods-Fit Vein Tests.debug.xcconfig"; sourceTree = "<group>"; };
		E0C1C30ACF5CE93B585EC3AC /* Pods-Fit Vein.debug.xcconfig */ = {isa = PBXFileReference; includeInIndex = 1; lastKnownFileType = text.xcconfig; name = "Pods-Fit Vein.debug.xcconfig"; path = "Target Support Files/Pods-Fit Vein/Pods-Fit Vein.debug.xcconfig"; sourceTree = "<group>"; };
		F2B0E25E782608E9285D3BBD /* Pods_Fit_Vein_Tests.framework */ = {isa = PBXFileReference; explicitFileType = wrapper.framework; includeInIndex = 0; path = Pods_Fit_Vein_Tests.framework; sourceTree = BUILT_PRODUCTS_DIR; };
/* End PBXFileReference section */

/* Begin PBXFrameworksBuildPhase section */
		0A05CF3927846B1D005432E3 /* Frameworks */ = {
			isa = PBXFrameworksBuildPhase;
			buildActionMask = 2147483647;
			files = (
				66FED7147794B758A93CA5EB /* Pods_Fit_Vein_Tests.framework in Frameworks */,
			);
			runOnlyForDeploymentPostprocessing = 0;
		};
		0A61E1A42784C7A300A7FD34 /* Frameworks */ = {
			isa = PBXFrameworksBuildPhase;
			buildActionMask = 2147483647;
			files = (
				B7C89F7FE74B6BD9A74165C4 /* Pods_Fit_Vein_UI_Tests.framework in Frameworks */,
			);
			runOnlyForDeploymentPostprocessing = 0;
		};
		0AC4DD7E2715A9E4003D5FED /* Frameworks */ = {
			isa = PBXFrameworksBuildPhase;
			buildActionMask = 2147483647;
			files = (
				6A4AD7636321007C788C53F4 /* Pods_Fit_Vein.framework in Frameworks */,
				0A57AC2C27453DC600CEC302 /* HealthKit.framework in Frameworks */,
				0A0174EC278B106500CD45F9 /* Lottie in Frameworks */,
			);
			runOnlyForDeploymentPostprocessing = 0;
		};
/* End PBXFrameworksBuildPhase section */

/* Begin PBXGroup section */
		0671C51B37580929C4CFF801 /* Pods */ = {
			isa = PBXGroup;
			children = (
				E0C1C30ACF5CE93B585EC3AC /* Pods-Fit Vein.debug.xcconfig */,
				26DAD44A330F476E6C2B2504 /* Pods-Fit Vein.release.xcconfig */,
				E0439AB4B27F41559992ECE5 /* Pods-Fit Vein Tests.debug.xcconfig */,
				5B02FB63BC6B71B96A89C619 /* Pods-Fit Vein Tests.release.xcconfig */,
				7241D52AD211827CDBD73F2A /* Pods-Fit Vein UI Tests.debug.xcconfig */,
				0C2E961B1423F530440ECB7F /* Pods-Fit Vein UI Tests.release.xcconfig */,
			);
			path = Pods;
			sourceTree = "<group>";
		};
		0A0174ED278B110E00CD45F9 /* Lottie */ = {
			isa = PBXGroup;
			children = (
				0A83A26D278B69A50061973B /* notifications.json */,
				0A83A26B278B65F20061973B /* runningMan.json */,
				0A017513278B24A700CD45F9 /* countdown2.json */,
				0A017511278B247200CD45F9 /* noInternetConnection.json */,
				0A01750F278B227600CD45F9 /* downArrows.json */,
				0A0174F4278B1BA200CD45F9 /* 20022-character-squat-animation.json */,
				0A0174F9278B1BA400CD45F9 /* 43323-men-doing-rope-exercise.json */,
				0A0174F3278B1BA200CD45F9 /* 49988-the-running-man.json */,
				0A0174F6278B1BA300CD45F9 /* 53949-runner.json */,
				0A0174FA278B1BA400CD45F9 /* 70772-smiley-loader.json */,
				0A0174F7278B1BA300CD45F9 /* avocadoWorkout.json */,
				0A0174FB278B1BA400CD45F9 /* 88890-loading.json */,
				0A0174FC278B1BA500CD45F9 /* loading.json */,
				0A0174FD278B1BA500CD45F9 /* 90747-loading.json */,
				0A0174F5278B1BA300CD45F9 /* skeleton.json */,
				0A0174FE278B1BA500CD45F9 /* countdown.json */,
			);
			path = Lottie;
			sourceTree = "<group>";
		};
		0A05CF3D27846B1D005432E3 /* Fit Vein Tests */ = {
			isa = PBXGroup;
			children = (
				0A05CF3E27846B1D005432E3 /* Fit_Vein_Tests.swift */,
				0A61E19B2784AB3900A7FD34 /* FunctionsTests.swift */,
				0A61E19D2784AFA700A7FD34 /* HealthStatTests.swift */,
				0A61E19F2784B7C900A7FD34 /* PostTests.swift */,
				0A61E1A12784BA8300A7FD34 /* IntervalWorkoutTests.swift */,
			);
			path = "Fit Vein Tests";
			sourceTree = "<group>";
		};
		0A45EC132779D2BB0076660A /* AuthenticationViews */ = {
			isa = PBXGroup;
			children = (
				0AB808D32715C1AB00337924 /* SignInView.swift */,
				0AB808D52715C1B500337924 /* SignUpView.swift */,
			);
			path = AuthenticationViews;
			sourceTree = "<group>";
		};
		0A45EC142779D2D50076660A /* HomeTabViews */ = {
			isa = PBXGroup;
			children = (
				0ABE144127203B47009CD67A /* HomeView.swift */,
				0A67B1D3272AF359007F8891 /* NotificationsView.swift */,
				0A67B1D5272B04EC007F8891 /* SearchFriendsView.swift */,
				0A67B1D7272B0652007F8891 /* EditPostView.swift */,
				0AE00BA6276CC9B600C876FE /* AddPostView.swift */,
				0ABEF73227788624007E20FC /* PostCommentsView.swift */,
				0A0174E2278A010200CD45F9 /* HomeTabSubViewShareView.swift */,
				0A0174E4278A011900CD45F9 /* HomeTabSubViewPostsView.swift */,
				0A0174E8278A05E400CD45F9 /* HomeTabSubViewPostDetailsView.swift */,
			);
			path = HomeTabViews;
			sourceTree = "<group>";
		};
		0A45EC152779D3010076660A /* WorkoutTabViews */ = {
			isa = PBXGroup;
			children = (
				0ABE144727203D04009CD67A /* WorkoutView.swift */,
				0A4BF9232728500800311D24 /* WorkoutTimerView.swift */,
				0A4BF9292728552000311D24 /* FinishedWorkoutView.swift */,
			);
			path = WorkoutTabViews;
			sourceTree = "<group>";
		};
		0A45EC162779D32B0076660A /* ProfileTabViews */ = {
			isa = PBXGroup;
			children = (
				0ABE144927203D0D009CD67A /* ProfileView.swift */,
				0A8F574D2720B8A400183F47 /* SettingsView.swift */,
				0AC41CF527274F6A00DA5491 /* HealthTabView.swift */,
				0AC41CF727274F7300DA5491 /* WorkoutTabView.swift */,
			);
			path = ProfileTabViews;
			sourceTree = "<group>";
		};
		0A61E1A82784C7A300A7FD34 /* Fit Vein UI Tests */ = {
			isa = PBXGroup;
			children = (
				0A61E1A92784C7A300A7FD34 /* Fit_Vein_UI_Tests.swift */,
				0A61E1AB2784C7A300A7FD34 /* Fit_Vein_UI_TestsLaunchTests.swift */,
			);
			path = "Fit Vein UI Tests";
			sourceTree = "<group>";
		};
		0A8F574A2720B6E700183F47 /* HelpViews */ = {
			isa = PBXGroup;
			children = (
				0A8F574B2720B70E00183F47 /* RingProgressViewStyle.swift */,
				0A7CA65F274D7AC000B97EF2 /* HomeTabFetchingView.swift */,
				0A7CA661274D7AD100B97EF2 /* ProfileTabFetchingView.swift */,
			);
			path = HelpViews;
			sourceTree = "<group>";
		};
		0AB808CD2715B9C300337924 /* FIrebase Utils */ = {
			isa = PBXGroup;
			children = (
				0AB808CE2715B9D700337924 /* SessionStore.swift */,
				0ABE14302716EC23009CD67A /* FirestoreManager.swift */,
				0ABE14322716EC3E009CD67A /* FirebaseStorageManager.swift */,
				0A05CF2F2783183F005432E3 /* RCValues.swift */,
			);
			path = "FIrebase Utils";
			sourceTree = "<group>";
		};
		0AB808D02715C18300337924 /* Views */ = {
			isa = PBXGroup;
			children = (
				0A45EC142779D2D50076660A /* HomeTabViews */,
				0A8F574A2720B6E700183F47 /* HelpViews */,
				0A45EC132779D2BB0076660A /* AuthenticationViews */,
				0A45EC152779D3010076660A /* WorkoutTabViews */,
				0A45EC162779D32B0076660A /* ProfileTabViews */,
			);
			path = Views;
			sourceTree = "<group>";
		};
		0AB808D92715DE7B00337924 /* Constants&Utils */ = {
			isa = PBXGroup;
			children = (
				0AB808DA2715DE8F00337924 /* Enums.swift */,
				0ABE14392716F114009CD67A /* Functions.swift */,
				0ABE143D27170333009CD67A /* Errors.swift */,
				0ABE145627204C72009CD67A /* SwiftUIImagePicker.swift */,
				0A7CA669274E802F00B97EF2 /* HealthKitRepository.swift */,
				0A0174E6278A023E00CD45F9 /* HomeViewSheetManager.swift */,
				0A83A26F278B8A190061973B /* NetworkManager.swift */,
			);
			path = "Constants&Utils";
			sourceTree = "<group>";
		};
		0ABE14342716EF1E009CD67A /* ViewModels */ = {
			isa = PBXGroup;
			children = (
				0ABE143B2716F6BE009CD67A /* SignUpViewModel.swift */,
				0ABE143F271712AA009CD67A /* SignInViewModel.swift */,
				0ABE144B27203DD9009CD67A /* HomeViewModel.swift */,
				0ABE144D27203DE7009CD67A /* WorkoutViewModel.swift */,
				0ABE144F27203DEF009CD67A /* ProfileViewModel.swift */,
				0A7CA66D274ED88900B97EF2 /* HealthKitViewModel.swift */,
			);
			path = ViewModels;
			sourceTree = "<group>";
		};
		0ABE145127203E5C009CD67A /* Models */ = {
			isa = PBXGroup;
			children = (
				0ABE145227203E68009CD67A /* Profile.swift */,
				0A4174762726CC1A00DF4460 /* IntervalWorkout.swift */,
				0A67B1D1272AD8AE007F8891 /* Post.swift */,
				0A7CA667274E7FAF00B97EF2 /* HealthStat.swift */,
			);
			path = Models;
			sourceTree = "<group>";
		};
		0AC4DD782715A9E4003D5FED = {
			isa = PBXGroup;
			children = (
				0AC4DD832715A9E4003D5FED /* Fit Vein */,
				0A05CF3D27846B1D005432E3 /* Fit Vein Tests */,
				0A61E1A82784C7A300A7FD34 /* Fit Vein UI Tests */,
				0AC4DD822715A9E4003D5FED /* Products */,
				0671C51B37580929C4CFF801 /* Pods */,
				8B960227CB1EDB8F07568FC1 /* Frameworks */,
			);
			sourceTree = "<group>";
		};
		0AC4DD822715A9E4003D5FED /* Products */ = {
			isa = PBXGroup;
			children = (
				0AC4DD812715A9E4003D5FED /* Fit Vein.app */,
				0A05CF3C27846B1D005432E3 /* Fit Vein Tests.xctest */,
				0A61E1A72784C7A300A7FD34 /* Fit Vein UI Tests.xctest */,
			);
			name = Products;
			sourceTree = "<group>";
		};
		0AC4DD832715A9E4003D5FED /* Fit Vein */ = {
			isa = PBXGroup;
			children = (
				0A83A26A278B59E30061973B /* Fit-Vein-Info.plist */,
				0A0174ED278B110E00CD45F9 /* Lottie */,
				0A57AC2A27453DC600CEC302 /* Fit Vein.entitlements */,
				0ABE145427204ABC009CD67A /* blank-profile-hi.png */,
				0ABE145127203E5C009CD67A /* Models */,
				0ABE14342716EF1E009CD67A /* ViewModels */,
				0AB808D92715DE7B00337924 /* Constants&Utils */,
				0AB808D02715C18300337924 /* Views */,
				0AB808CD2715B9C300337924 /* FIrebase Utils */,
				0ADC2DEF2715AE43003ED144 /* GoogleService-Info.plist */,
				0A0174EE278B111F00CD45F9 /* LottieView.swift */,
				0AC4DD842715A9E4003D5FED /* Fit_VeinApp.swift */,
				0A05CF32278334B8005432E3 /* PreLaunchView.swift */,
				0AC4DD862715A9E4003D5FED /* ContentView.swift */,
				0ABE144527203BB0009CD67A /* LoggedUserView.swift */,
				0A4174722725D45A00DF4460 /* OnboardingView.swift */,
				0AC4DD882715A9E5003D5FED /* Assets.xcassets */,
				0A20A8A52729FF790058F3DB /* FitVeinIconDark.png */,
				0A20A8A62729FF790058F3DB /* FitVeinIconLight.png */,
				0AD3A40627275E0C00396FE7 /* sprint2.png */,
				0AB808D72715D77800337924 /* gym.jpg */,
				0AC4DD8A2715A9E5003D5FED /* Preview Content */,
			);
			path = "Fit Vein";
			sourceTree = "<group>";
		};
		0AC4DD8A2715A9E5003D5FED /* Preview Content */ = {
			isa = PBXGroup;
			children = (
				0AC4DD8B2715A9E5003D5FED /* Preview Assets.xcassets */,
			);
			path = "Preview Content";
			sourceTree = "<group>";
		};
		8B960227CB1EDB8F07568FC1 /* Frameworks */ = {
			isa = PBXGroup;
			children = (
				0A57AC2B27453DC600CEC302 /* HealthKit.framework */,
				5CED23260406289D2ED2107A /* Pods_Fit_Vein.framework */,
				F2B0E25E782608E9285D3BBD /* Pods_Fit_Vein_Tests.framework */,
				743D6606A659D83B693E5ACD /* Pods_Fit_Vein_UI_Tests.framework */,
			);
			name = Frameworks;
			sourceTree = "<group>";
		};
/* End PBXGroup section */

/* Begin PBXNativeTarget section */
		0A05CF3B27846B1D005432E3 /* Fit Vein Tests */ = {
			isa = PBXNativeTarget;
			buildConfigurationList = 0A05CF4227846B1D005432E3 /* Build configuration list for PBXNativeTarget "Fit Vein Tests" */;
			buildPhases = (
				0B75DA0A308D6826EE8E4578 /* [CP] Check Pods Manifest.lock */,
				0A05CF3827846B1D005432E3 /* Sources */,
				0A05CF3927846B1D005432E3 /* Frameworks */,
				0A05CF3A27846B1D005432E3 /* Resources */,
				3DF669C81B73E5FC95364DAB /* [CP] Embed Pods Frameworks */,
			);
			buildRules = (
			);
			dependencies = (
				0A05CF4127846B1D005432E3 /* PBXTargetDependency */,
			);
			name = "Fit Vein Tests";
			productName = "Fit Vein Tests";
			productReference = 0A05CF3C27846B1D005432E3 /* Fit Vein Tests.xctest */;
			productType = "com.apple.product-type.bundle.unit-test";
		};
		0A61E1A62784C7A300A7FD34 /* Fit Vein UI Tests */ = {
			isa = PBXNativeTarget;
			buildConfigurationList = 0A61E1AF2784C7A300A7FD34 /* Build configuration list for PBXNativeTarget "Fit Vein UI Tests" */;
			buildPhases = (
				14D6063009EFE529A3BC47CA /* [CP] Check Pods Manifest.lock */,
				0A61E1A32784C7A300A7FD34 /* Sources */,
				0A61E1A42784C7A300A7FD34 /* Frameworks */,
				0A61E1A52784C7A300A7FD34 /* Resources */,
				49D820DA940220AA4386D42C /* [CP] Embed Pods Frameworks */,
			);
			buildRules = (
			);
			dependencies = (
				0A61E1AE2784C7A300A7FD34 /* PBXTargetDependency */,
			);
			name = "Fit Vein UI Tests";
			productName = "Fit Vein UI Tests";
			productReference = 0A61E1A72784C7A300A7FD34 /* Fit Vein UI Tests.xctest */;
			productType = "com.apple.product-type.bundle.ui-testing";
		};
		0AC4DD802715A9E4003D5FED /* Fit Vein */ = {
			isa = PBXNativeTarget;
			buildConfigurationList = 0AC4DD8F2715A9E5003D5FED /* Build configuration list for PBXNativeTarget "Fit Vein" */;
			buildPhases = (
				C3068487EAF7238DA3CEC7F2 /* [CP] Check Pods Manifest.lock */,
				0AC4DD7D2715A9E4003D5FED /* Sources */,
				0AC4DD7E2715A9E4003D5FED /* Frameworks */,
				0AC4DD7F2715A9E4003D5FED /* Resources */,
				242D46432FDFB90EF0BCCD60 /* [CP] Embed Pods Frameworks */,
			);
			buildRules = (
			);
			dependencies = (
			);
			name = "Fit Vein";
			packageProductDependencies = (
				0A0174EB278B106500CD45F9 /* Lottie */,
			);
			productName = "Fit Vein";
			productReference = 0AC4DD812715A9E4003D5FED /* Fit Vein.app */;
			productType = "com.apple.product-type.application";
		};
/* End PBXNativeTarget section */

/* Begin PBXProject section */
		0AC4DD792715A9E4003D5FED /* Project object */ = {
			isa = PBXProject;
			attributes = {
				BuildIndependentTargetsInParallel = 1;
				LastSwiftUpdateCheck = 1320;
				LastUpgradeCheck = 1300;
				TargetAttributes = {
					0A05CF3B27846B1D005432E3 = {
						CreatedOnToolsVersion = 13.2.1;
						TestTargetID = 0AC4DD802715A9E4003D5FED;
					};
					0A61E1A62784C7A300A7FD34 = {
						CreatedOnToolsVersion = 13.2.1;
						TestTargetID = 0AC4DD802715A9E4003D5FED;
					};
					0AC4DD802715A9E4003D5FED = {
						CreatedOnToolsVersion = 13.0;
					};
				};
			};
			buildConfigurationList = 0AC4DD7C2715A9E4003D5FED /* Build configuration list for PBXProject "Fit Vein" */;
			compatibilityVersion = "Xcode 13.0";
			developmentRegion = en;
			hasScannedForEncodings = 0;
			knownRegions = (
				en,
				Base,
			);
			mainGroup = 0AC4DD782715A9E4003D5FED;
			packageReferences = (
				0A0174EA278B106500CD45F9 /* XCRemoteSwiftPackageReference "lottie-ios" */,
			);
			productRefGroup = 0AC4DD822715A9E4003D5FED /* Products */;
			projectDirPath = "";
			projectRoot = "";
			targets = (
				0AC4DD802715A9E4003D5FED /* Fit Vein */,
				0A05CF3B27846B1D005432E3 /* Fit Vein Tests */,
				0A61E1A62784C7A300A7FD34 /* Fit Vein UI Tests */,
			);
		};
/* End PBXProject section */

/* Begin PBXResourcesBuildPhase section */
		0A05CF3A27846B1D005432E3 /* Resources */ = {
			isa = PBXResourcesBuildPhase;
			buildActionMask = 2147483647;
			files = (
			);
			runOnlyForDeploymentPostprocessing = 0;
		};
		0A61E1A52784C7A300A7FD34 /* Resources */ = {
			isa = PBXResourcesBuildPhase;
			buildActionMask = 2147483647;
			files = (
			);
			runOnlyForDeploymentPostprocessing = 0;
		};
		0AC4DD7F2715A9E4003D5FED /* Resources */ = {
			isa = PBXResourcesBuildPhase;
			buildActionMask = 2147483647;
			files = (
				0A017501278B1BA500CD45F9 /* skeleton.json in Resources */,
				0A017510278B227600CD45F9 /* downArrows.json in Resources */,
				0A017508278B1BA500CD45F9 /* loading.json in Resources */,
				0A017505278B1BA500CD45F9 /* 43323-men-doing-rope-exercise.json in Resources */,
				0A017500278B1BA500CD45F9 /* 20022-character-squat-animation.json in Resources */,
				0A017502278B1BA500CD45F9 /* 53949-runner.json in Resources */,
				0A017509278B1BA500CD45F9 /* 90747-loading.json in Resources */,
				0AC4DD8C2715A9E5003D5FED /* Preview Assets.xcassets in Resources */,
				0A0174FF278B1BA500CD45F9 /* 49988-the-running-man.json in Resources */,
				0AC4DD892715A9E5003D5FED /* Assets.xcassets in Resources */,
				0AB808D82715D77800337924 /* gym.jpg in Resources */,
				0A20A8A72729FF790058F3DB /* FitVeinIconDark.png in Resources */,
				0ABE145527204ABC009CD67A /* blank-profile-hi.png in Resources */,
				0A20A8A82729FF790058F3DB /* FitVeinIconLight.png in Resources */,
				0A017506278B1BA500CD45F9 /* 70772-smiley-loader.json in Resources */,
				0A017507278B1BA500CD45F9 /* 88890-loading.json in Resources */,
				0A017512278B247200CD45F9 /* noInternetConnection.json in Resources */,
				0ADC2DF02715AE43003ED144 /* GoogleService-Info.plist in Resources */,
				0A017514278B24A700CD45F9 /* countdown2.json in Resources */,
				0A017503278B1BA500CD45F9 /* avocadoWorkout.json in Resources */,
				0A83A26E278B69A50061973B /* notifications.json in Resources */,
				0AD3A40727275E0D00396FE7 /* sprint2.png in Resources */,
				0A01750A278B1BA500CD45F9 /* countdown.json in Resources */,
				0A83A26C278B65F20061973B /* runningMan.json in Resources */,
			);
			runOnlyForDeploymentPostprocessing = 0;
		};
/* End PBXResourcesBuildPhase section */

/* Begin PBXShellScriptBuildPhase section */
		0B75DA0A308D6826EE8E4578 /* [CP] Check Pods Manifest.lock */ = {
			isa = PBXShellScriptBuildPhase;
			buildActionMask = 2147483647;
			files = (
			);
			inputFileListPaths = (
			);
			inputPaths = (
				"${PODS_PODFILE_DIR_PATH}/Podfile.lock",
				"${PODS_ROOT}/Manifest.lock",
			);
			name = "[CP] Check Pods Manifest.lock";
			outputFileListPaths = (
			);
			outputPaths = (
				"$(DERIVED_FILE_DIR)/Pods-Fit Vein Tests-checkManifestLockResult.txt",
			);
			runOnlyForDeploymentPostprocessing = 0;
			shellPath = /bin/sh;
			shellScript = "diff \"${PODS_PODFILE_DIR_PATH}/Podfile.lock\" \"${PODS_ROOT}/Manifest.lock\" > /dev/null\nif [ $? != 0 ] ; then\n    # print error to STDERR\n    echo \"error: The sandbox is not in sync with the Podfile.lock. Run 'pod install' or update your CocoaPods installation.\" >&2\n    exit 1\nfi\n# This output is used by Xcode 'outputs' to avoid re-running this script phase.\necho \"SUCCESS\" > \"${SCRIPT_OUTPUT_FILE_0}\"\n";
			showEnvVarsInLog = 0;
		};
		14D6063009EFE529A3BC47CA /* [CP] Check Pods Manifest.lock */ = {
			isa = PBXShellScriptBuildPhase;
			buildActionMask = 2147483647;
			files = (
			);
			inputFileListPaths = (
			);
			inputPaths = (
				"${PODS_PODFILE_DIR_PATH}/Podfile.lock",
				"${PODS_ROOT}/Manifest.lock",
			);
			name = "[CP] Check Pods Manifest.lock";
			outputFileListPaths = (
			);
			outputPaths = (
				"$(DERIVED_FILE_DIR)/Pods-Fit Vein UI Tests-checkManifestLockResult.txt",
			);
			runOnlyForDeploymentPostprocessing = 0;
			shellPath = /bin/sh;
			shellScript = "diff \"${PODS_PODFILE_DIR_PATH}/Podfile.lock\" \"${PODS_ROOT}/Manifest.lock\" > /dev/null\nif [ $? != 0 ] ; then\n    # print error to STDERR\n    echo \"error: The sandbox is not in sync with the Podfile.lock. Run 'pod install' or update your CocoaPods installation.\" >&2\n    exit 1\nfi\n# This output is used by Xcode 'outputs' to avoid re-running this script phase.\necho \"SUCCESS\" > \"${SCRIPT_OUTPUT_FILE_0}\"\n";
			showEnvVarsInLog = 0;
		};
		242D46432FDFB90EF0BCCD60 /* [CP] Embed Pods Frameworks */ = {
			isa = PBXShellScriptBuildPhase;
			buildActionMask = 2147483647;
			files = (
			);
			inputFileListPaths = (
				"${PODS_ROOT}/Target Support Files/Pods-Fit Vein/Pods-Fit Vein-frameworks-${CONFIGURATION}-input-files.xcfilelist",
			);
			name = "[CP] Embed Pods Frameworks";
			outputFileListPaths = (
				"${PODS_ROOT}/Target Support Files/Pods-Fit Vein/Pods-Fit Vein-frameworks-${CONFIGURATION}-output-files.xcfilelist",
			);
			runOnlyForDeploymentPostprocessing = 0;
			shellPath = /bin/sh;
			shellScript = "\"${PODS_ROOT}/Target Support Files/Pods-Fit Vein/Pods-Fit Vein-frameworks.sh\"\n";
			showEnvVarsInLog = 0;
		};
		3DF669C81B73E5FC95364DAB /* [CP] Embed Pods Frameworks */ = {
			isa = PBXShellScriptBuildPhase;
			buildActionMask = 2147483647;
			files = (
			);
			inputFileListPaths = (
				"${PODS_ROOT}/Target Support Files/Pods-Fit Vein Tests/Pods-Fit Vein Tests-frameworks-${CONFIGURATION}-input-files.xcfilelist",
			);
			name = "[CP] Embed Pods Frameworks";
			outputFileListPaths = (
				"${PODS_ROOT}/Target Support Files/Pods-Fit Vein Tests/Pods-Fit Vein Tests-frameworks-${CONFIGURATION}-output-files.xcfilelist",
			);
			runOnlyForDeploymentPostprocessing = 0;
			shellPath = /bin/sh;
			shellScript = "\"${PODS_ROOT}/Target Support Files/Pods-Fit Vein Tests/Pods-Fit Vein Tests-frameworks.sh\"\n";
			showEnvVarsInLog = 0;
		};
		49D820DA940220AA4386D42C /* [CP] Embed Pods Frameworks */ = {
			isa = PBXShellScriptBuildPhase;
			buildActionMask = 2147483647;
			files = (
			);
			inputFileListPaths = (
				"${PODS_ROOT}/Target Support Files/Pods-Fit Vein UI Tests/Pods-Fit Vein UI Tests-frameworks-${CONFIGURATION}-input-files.xcfilelist",
			);
			name = "[CP] Embed Pods Frameworks";
			outputFileListPaths = (
				"${PODS_ROOT}/Target Support Files/Pods-Fit Vein UI Tests/Pods-Fit Vein UI Tests-frameworks-${CONFIGURATION}-output-files.xcfilelist",
			);
			runOnlyForDeploymentPostprocessing = 0;
			shellPath = /bin/sh;
			shellScript = "\"${PODS_ROOT}/Target Support Files/Pods-Fit Vein UI Tests/Pods-Fit Vein UI Tests-frameworks.sh\"\n";
			showEnvVarsInLog = 0;
		};
		C3068487EAF7238DA3CEC7F2 /* [CP] Check Pods Manifest.lock */ = {
			isa = PBXShellScriptBuildPhase;
			buildActionMask = 2147483647;
			files = (
			);
			inputFileListPaths = (
			);
			inputPaths = (
				"${PODS_PODFILE_DIR_PATH}/Podfile.lock",
				"${PODS_ROOT}/Manifest.lock",
			);
			name = "[CP] Check Pods Manifest.lock";
			outputFileListPaths = (
			);
			outputPaths = (
				"$(DERIVED_FILE_DIR)/Pods-Fit Vein-checkManifestLockResult.txt",
			);
			runOnlyForDeploymentPostprocessing = 0;
			shellPath = /bin/sh;
			shellScript = "diff \"${PODS_PODFILE_DIR_PATH}/Podfile.lock\" \"${PODS_ROOT}/Manifest.lock\" > /dev/null\nif [ $? != 0 ] ; then\n    # print error to STDERR\n    echo \"error: The sandbox is not in sync with the Podfile.lock. Run 'pod install' or update your CocoaPods installation.\" >&2\n    exit 1\nfi\n# This output is used by Xcode 'outputs' to avoid re-running this script phase.\necho \"SUCCESS\" > \"${SCRIPT_OUTPUT_FILE_0}\"\n";
			showEnvVarsInLog = 0;
		};
/* End PBXShellScriptBuildPhase section */

/* Begin PBXSourcesBuildPhase section */
		0A05CF3827846B1D005432E3 /* Sources */ = {
			isa = PBXSourcesBuildPhase;
			buildActionMask = 2147483647;
			files = (
				0A05CF3F27846B1D005432E3 /* Fit_Vein_Tests.swift in Sources */,
				0A61E19E2784AFA700A7FD34 /* HealthStatTests.swift in Sources */,
				0A61E19C2784AB3900A7FD34 /* FunctionsTests.swift in Sources */,
				0A61E1A22784BA8300A7FD34 /* IntervalWorkoutTests.swift in Sources */,
				0A61E1A02784B7C900A7FD34 /* PostTests.swift in Sources */,
			);
			runOnlyForDeploymentPostprocessing = 0;
		};
		0A61E1A32784C7A300A7FD34 /* Sources */ = {
			isa = PBXSourcesBuildPhase;
			buildActionMask = 2147483647;
			files = (
				0A61E1AC2784C7A300A7FD34 /* Fit_Vein_UI_TestsLaunchTests.swift in Sources */,
				0A61E1AA2784C7A300A7FD34 /* Fit_Vein_UI_Tests.swift in Sources */,
			);
			runOnlyForDeploymentPostprocessing = 0;
		};
		0AC4DD7D2715A9E4003D5FED /* Sources */ = {
			isa = PBXSourcesBuildPhase;
			buildActionMask = 2147483647;
			files = (
				0A7CA662274D7AD100B97EF2 /* ProfileTabFetchingView.swift in Sources */,
				0AE00BA7276CC9B600C876FE /* AddPostView.swift in Sources */,
				0A4174772726CC1A00DF4460 /* IntervalWorkout.swift in Sources */,
				0A4BF92A2728552100311D24 /* FinishedWorkoutView.swift in Sources */,
				0ABE144C27203DD9009CD67A /* HomeViewModel.swift in Sources */,
				0A8F574E2720B8A400183F47 /* SettingsView.swift in Sources */,
				0ABE145327203E68009CD67A /* Profile.swift in Sources */,
				0AC41CF627274F6A00DA5491 /* HealthTabView.swift in Sources */,
				0ABE145727204C72009CD67A /* SwiftUIImagePicker.swift in Sources */,
				0A0174E5278A011900CD45F9 /* HomeTabSubViewPostsView.swift in Sources */,
				0A0174EF278B111F00CD45F9 /* LottieView.swift in Sources */,
				0ABE145027203DEF009CD67A /* ProfileViewModel.swift in Sources */,
				0ABE14332716EC3E009CD67A /* FirebaseStorageManager.swift in Sources */,
				0A67B1D2272AD8AE007F8891 /* Post.swift in Sources */,
				0A67B1D4272AF359007F8891 /* NotificationsView.swift in Sources */,
				0A4BF9242728500800311D24 /* WorkoutTimerView.swift in Sources */,
				0AC41CF827274F7300DA5491 /* WorkoutTabView.swift in Sources */,
				0AC4DD872715A9E4003D5FED /* ContentView.swift in Sources */,
				0ABEF73327788624007E20FC /* PostCommentsView.swift in Sources */,
				0A0174E7278A023E00CD45F9 /* HomeViewSheetManager.swift in Sources */,
				0A7CA66E274ED88900B97EF2 /* HealthKitViewModel.swift in Sources */,
				0A0174E9278A05E400CD45F9 /* HomeTabSubViewPostDetailsView.swift in Sources */,
				0A67B1D6272B04EC007F8891 /* SearchFriendsView.swift in Sources */,
				0ABE144227203B47009CD67A /* HomeView.swift in Sources */,
				0ABE143C2716F6BE009CD67A /* SignUpViewModel.swift in Sources */,
				0A05CF33278334B8005432E3 /* PreLaunchView.swift in Sources */,
				0ABE144827203D04009CD67A /* WorkoutView.swift in Sources */,
				0A7CA66A274E802F00B97EF2 /* HealthKitRepository.swift in Sources */,
				0ABE143A2716F114009CD67A /* Functions.swift in Sources */,
				0A67B1D8272B0652007F8891 /* EditPostView.swift in Sources */,
				0A83A270278B8A190061973B /* NetworkManager.swift in Sources */,
				0ABE144627203BB0009CD67A /* LoggedUserView.swift in Sources */,
				0A7CA660274D7AC000B97EF2 /* HomeTabFetchingView.swift in Sources */,
				0A0174E3278A010200CD45F9 /* HomeTabSubViewShareView.swift in Sources */,
				0A05CF302783183F005432E3 /* RCValues.swift in Sources */,
				0ABE14312716EC23009CD67A /* FirestoreManager.swift in Sources */,
				0ABE144A27203D0D009CD67A /* ProfileView.swift in Sources */,
				0ABE144E27203DE7009CD67A /* WorkoutViewModel.swift in Sources */,
				0AC4DD852715A9E4003D5FED /* Fit_VeinApp.swift in Sources */,
				0A8F574C2720B70E00183F47 /* RingProgressViewStyle.swift in Sources */,
				0AB808CF2715B9D700337924 /* SessionStore.swift in Sources */,
				0A7CA668274E7FAF00B97EF2 /* HealthStat.swift in Sources */,
				0ABE143E27170333009CD67A /* Errors.swift in Sources */,
				0ABE1440271712AA009CD67A /* SignInViewModel.swift in Sources */,
				0AB808D62715C1B500337924 /* SignUpView.swift in Sources */,
				0A4174732725D45A00DF4460 /* OnboardingView.swift in Sources */,
				0AB808DB2715DE8F00337924 /* Enums.swift in Sources */,
				0AB808D42715C1AB00337924 /* SignInView.swift in Sources */,
			);
			runOnlyForDeploymentPostprocessing = 0;
		};
/* End PBXSourcesBuildPhase section */

/* Begin PBXTargetDependency section */
		0A05CF4127846B1D005432E3 /* PBXTargetDependency */ = {
			isa = PBXTargetDependency;
			target = 0AC4DD802715A9E4003D5FED /* Fit Vein */;
			targetProxy = 0A05CF4027846B1D005432E3 /* PBXContainerItemProxy */;
		};
		0A61E1AE2784C7A300A7FD34 /* PBXTargetDependency */ = {
			isa = PBXTargetDependency;
			target = 0AC4DD802715A9E4003D5FED /* Fit Vein */;
			targetProxy = 0A61E1AD2784C7A300A7FD34 /* PBXContainerItemProxy */;
		};
/* End PBXTargetDependency section */

/* Begin XCBuildConfiguration section */
		0A05CF4327846B1D005432E3 /* Debug */ = {
			isa = XCBuildConfiguration;
			baseConfigurationReference = E0439AB4B27F41559992ECE5 /* Pods-Fit Vein Tests.debug.xcconfig */;
			buildSettings = {
				BUNDLE_LOADER = "$(TEST_HOST)";
				CODE_SIGN_STYLE = Automatic;
				CURRENT_PROJECT_VERSION = 1;
				DEVELOPMENT_TEAM = T3SR62DCTW;
				GENERATE_INFOPLIST_FILE = YES;
				IPHONEOS_DEPLOYMENT_TARGET = 15.2;
				MARKETING_VERSION = 1.0;
				PRODUCT_BUNDLE_IDENTIFIER = "ljaniszewski.Fit-Vein-Tests";
				PRODUCT_NAME = "$(TARGET_NAME)";
				SWIFT_EMIT_LOC_STRINGS = NO;
				SWIFT_VERSION = 5.0;
				TARGETED_DEVICE_FAMILY = "1,2";
				TEST_HOST = "$(BUILT_PRODUCTS_DIR)/Fit Vein.app/Fit Vein";
			};
			name = Debug;
		};
		0A05CF4427846B1D005432E3 /* Release */ = {
			isa = XCBuildConfiguration;
			baseConfigurationReference = 5B02FB63BC6B71B96A89C619 /* Pods-Fit Vein Tests.release.xcconfig */;
			buildSettings = {
				BUNDLE_LOADER = "$(TEST_HOST)";
				CODE_SIGN_STYLE = Automatic;
				CURRENT_PROJECT_VERSION = 1;
				DEVELOPMENT_TEAM = T3SR62DCTW;
				GENERATE_INFOPLIST_FILE = YES;
				IPHONEOS_DEPLOYMENT_TARGET = 15.2;
				MARKETING_VERSION = 1.0;
				PRODUCT_BUNDLE_IDENTIFIER = "ljaniszewski.Fit-Vein-Tests";
				PRODUCT_NAME = "$(TARGET_NAME)";
				SWIFT_EMIT_LOC_STRINGS = NO;
				SWIFT_VERSION = 5.0;
				TARGETED_DEVICE_FAMILY = "1,2";
				TEST_HOST = "$(BUILT_PRODUCTS_DIR)/Fit Vein.app/Fit Vein";
			};
			name = Release;
		};
		0A61E1B02784C7A300A7FD34 /* Debug */ = {
			isa = XCBuildConfiguration;
			baseConfigurationReference = 7241D52AD211827CDBD73F2A /* Pods-Fit Vein UI Tests.debug.xcconfig */;
			buildSettings = {
				CODE_SIGN_STYLE = Automatic;
				CURRENT_PROJECT_VERSION = 1;
				DEVELOPMENT_TEAM = T3SR62DCTW;
				GENERATE_INFOPLIST_FILE = YES;
				IPHONEOS_DEPLOYMENT_TARGET = 15.2;
				MARKETING_VERSION = 1.0;
				PRODUCT_BUNDLE_IDENTIFIER = "ljaniszewski.Fit-Vein-UI-Tests";
				PRODUCT_NAME = "$(TARGET_NAME)";
				SWIFT_EMIT_LOC_STRINGS = NO;
				SWIFT_VERSION = 5.0;
				TARGETED_DEVICE_FAMILY = "1,2";
				TEST_TARGET_NAME = "Fit Vein";
			};
			name = Debug;
		};
		0A61E1B12784C7A300A7FD34 /* Release */ = {
			isa = XCBuildConfiguration;
			baseConfigurationReference = 0C2E961B1423F530440ECB7F /* Pods-Fit Vein UI Tests.release.xcconfig */;
			buildSettings = {
				CODE_SIGN_STYLE = Automatic;
				CURRENT_PROJECT_VERSION = 1;
				DEVELOPMENT_TEAM = T3SR62DCTW;
				GENERATE_INFOPLIST_FILE = YES;
				IPHONEOS_DEPLOYMENT_TARGET = 15.2;
				MARKETING_VERSION = 1.0;
				PRODUCT_BUNDLE_IDENTIFIER = "ljaniszewski.Fit-Vein-UI-Tests";
				PRODUCT_NAME = "$(TARGET_NAME)";
				SWIFT_EMIT_LOC_STRINGS = NO;
				SWIFT_VERSION = 5.0;
				TARGETED_DEVICE_FAMILY = "1,2";
				TEST_TARGET_NAME = "Fit Vein";
			};
			name = Release;
		};
		0AC4DD8D2715A9E5003D5FED /* Debug */ = {
			isa = XCBuildConfiguration;
			buildSettings = {
				ALWAYS_SEARCH_USER_PATHS = NO;
				CLANG_ANALYZER_NONNULL = YES;
				CLANG_ANALYZER_NUMBER_OBJECT_CONVERSION = YES_AGGRESSIVE;
				CLANG_CXX_LANGUAGE_STANDARD = "gnu++17";
				CLANG_CXX_LIBRARY = "libc++";
				CLANG_ENABLE_MODULES = YES;
				CLANG_ENABLE_OBJC_ARC = YES;
				CLANG_ENABLE_OBJC_WEAK = YES;
				CLANG_WARN_BLOCK_CAPTURE_AUTORELEASING = YES;
				CLANG_WARN_BOOL_CONVERSION = YES;
				CLANG_WARN_COMMA = YES;
				CLANG_WARN_CONSTANT_CONVERSION = YES;
				CLANG_WARN_DEPRECATED_OBJC_IMPLEMENTATIONS = YES;
				CLANG_WARN_DIRECT_OBJC_ISA_USAGE = YES_ERROR;
				CLANG_WARN_DOCUMENTATION_COMMENTS = YES;
				CLANG_WARN_EMPTY_BODY = YES;
				CLANG_WARN_ENUM_CONVERSION = YES;
				CLANG_WARN_INFINITE_RECURSION = YES;
				CLANG_WARN_INT_CONVERSION = YES;
				CLANG_WARN_NON_LITERAL_NULL_CONVERSION = YES;
				CLANG_WARN_OBJC_IMPLICIT_RETAIN_SELF = YES;
				CLANG_WARN_OBJC_LITERAL_CONVERSION = YES;
				CLANG_WARN_OBJC_ROOT_CLASS = YES_ERROR;
				CLANG_WARN_QUOTED_INCLUDE_IN_FRAMEWORK_HEADER = YES;
				CLANG_WARN_RANGE_LOOP_ANALYSIS = YES;
				CLANG_WARN_STRICT_PROTOTYPES = YES;
				CLANG_WARN_SUSPICIOUS_MOVE = YES;
				CLANG_WARN_UNGUARDED_AVAILABILITY = YES_AGGRESSIVE;
				CLANG_WARN_UNREACHABLE_CODE = YES;
				CLANG_WARN__DUPLICATE_METHOD_MATCH = YES;
				COPY_PHASE_STRIP = NO;
				DEBUG_INFORMATION_FORMAT = dwarf;
				ENABLE_STRICT_OBJC_MSGSEND = YES;
				ENABLE_TESTABILITY = YES;
				GCC_C_LANGUAGE_STANDARD = gnu11;
				GCC_DYNAMIC_NO_PIC = NO;
				GCC_NO_COMMON_BLOCKS = YES;
				GCC_OPTIMIZATION_LEVEL = 0;
				GCC_PREPROCESSOR_DEFINITIONS = (
					"DEBUG=1",
					"$(inherited)",
				);
				GCC_WARN_64_TO_32_BIT_CONVERSION = YES;
				GCC_WARN_ABOUT_RETURN_TYPE = YES_ERROR;
				GCC_WARN_UNDECLARED_SELECTOR = YES;
				GCC_WARN_UNINITIALIZED_AUTOS = YES_AGGRESSIVE;
				GCC_WARN_UNUSED_FUNCTION = YES;
				GCC_WARN_UNUSED_VARIABLE = YES;
				IPHONEOS_DEPLOYMENT_TARGET = 15.0;
				MTL_ENABLE_DEBUG_INFO = INCLUDE_SOURCE;
				MTL_FAST_MATH = YES;
				ONLY_ACTIVE_ARCH = YES;
				SDKROOT = iphoneos;
				SWIFT_ACTIVE_COMPILATION_CONDITIONS = DEBUG;
				SWIFT_OPTIMIZATION_LEVEL = "-Onone";
			};
			name = Debug;
		};
		0AC4DD8E2715A9E5003D5FED /* Release */ = {
			isa = XCBuildConfiguration;
			buildSettings = {
				ALWAYS_SEARCH_USER_PATHS = NO;
				CLANG_ANALYZER_NONNULL = YES;
				CLANG_ANALYZER_NUMBER_OBJECT_CONVERSION = YES_AGGRESSIVE;
				CLANG_CXX_LANGUAGE_STANDARD = "gnu++17";
				CLANG_CXX_LIBRARY = "libc++";
				CLANG_ENABLE_MODULES = YES;
				CLANG_ENABLE_OBJC_ARC = YES;
				CLANG_ENABLE_OBJC_WEAK = YES;
				CLANG_WARN_BLOCK_CAPTURE_AUTORELEASING = YES;
				CLANG_WARN_BOOL_CONVERSION = YES;
				CLANG_WARN_COMMA = YES;
				CLANG_WARN_CONSTANT_CONVERSION = YES;
				CLANG_WARN_DEPRECATED_OBJC_IMPLEMENTATIONS = YES;
				CLANG_WARN_DIRECT_OBJC_ISA_USAGE = YES_ERROR;
				CLANG_WARN_DOCUMENTATION_COMMENTS = YES;
				CLANG_WARN_EMPTY_BODY = YES;
				CLANG_WARN_ENUM_CONVERSION = YES;
				CLANG_WARN_INFINITE_RECURSION = YES;
				CLANG_WARN_INT_CONVERSION = YES;
				CLANG_WARN_NON_LITERAL_NULL_CONVERSION = YES;
				CLANG_WARN_OBJC_IMPLICIT_RETAIN_SELF = YES;
				CLANG_WARN_OBJC_LITERAL_CONVERSION = YES;
				CLANG_WARN_OBJC_ROOT_CLASS = YES_ERROR;
				CLANG_WARN_QUOTED_INCLUDE_IN_FRAMEWORK_HEADER = YES;
				CLANG_WARN_RANGE_LOOP_ANALYSIS = YES;
				CLANG_WARN_STRICT_PROTOTYPES = YES;
				CLANG_WARN_SUSPICIOUS_MOVE = YES;
				CLANG_WARN_UNGUARDED_AVAILABILITY = YES_AGGRESSIVE;
				CLANG_WARN_UNREACHABLE_CODE = YES;
				CLANG_WARN__DUPLICATE_METHOD_MATCH = YES;
				COPY_PHASE_STRIP = NO;
				DEBUG_INFORMATION_FORMAT = "dwarf-with-dsym";
				ENABLE_NS_ASSERTIONS = NO;
				ENABLE_STRICT_OBJC_MSGSEND = YES;
				GCC_C_LANGUAGE_STANDARD = gnu11;
				GCC_NO_COMMON_BLOCKS = YES;
				GCC_WARN_64_TO_32_BIT_CONVERSION = YES;
				GCC_WARN_ABOUT_RETURN_TYPE = YES_ERROR;
				GCC_WARN_UNDECLARED_SELECTOR = YES;
				GCC_WARN_UNINITIALIZED_AUTOS = YES_AGGRESSIVE;
				GCC_WARN_UNUSED_FUNCTION = YES;
				GCC_WARN_UNUSED_VARIABLE = YES;
				IPHONEOS_DEPLOYMENT_TARGET = 15.0;
				MTL_ENABLE_DEBUG_INFO = NO;
				MTL_FAST_MATH = YES;
				SDKROOT = iphoneos;
				SWIFT_COMPILATION_MODE = wholemodule;
				SWIFT_OPTIMIZATION_LEVEL = "-O";
				VALIDATE_PRODUCT = YES;
			};
			name = Release;
		};
		0AC4DD902715A9E5003D5FED /* Debug */ = {
			isa = XCBuildConfiguration;
			baseConfigurationReference = E0C1C30ACF5CE93B585EC3AC /* Pods-Fit Vein.debug.xcconfig */;
			buildSettings = {
				ASSETCATALOG_COMPILER_APPICON_NAME = AppIcon;
				ASSETCATALOG_COMPILER_GLOBAL_ACCENT_COLOR_NAME = AccentColor;
				CODE_SIGN_ENTITLEMENTS = "Fit Vein/Fit Vein.entitlements";
				CODE_SIGN_STYLE = Automatic;
				CURRENT_PROJECT_VERSION = 1;
				DEVELOPMENT_ASSET_PATHS = "\"Fit Vein/Preview Content\"";
				DEVELOPMENT_TEAM = T3SR62DCTW;
				ENABLE_PREVIEWS = YES;
				GENERATE_INFOPLIST_FILE = YES;
				INFOPLIST_FILE = "Fit-Vein-Info.plist";
				INFOPLIST_KEY_NSCameraUsageDescription = "Used to take new pictures of the user";
				INFOPLIST_KEY_NSFaceIDUsageDescription = "Used to authenticate the user during app start";
				INFOPLIST_KEY_NSHealthShareUsageDescription = "Used to display current health achievements";
				INFOPLIST_KEY_UIApplicationSceneManifest_Generation = YES;
				INFOPLIST_KEY_UIApplicationSupportsIndirectInputEvents = YES;
				INFOPLIST_KEY_UILaunchScreen_Generation = YES;
				INFOPLIST_KEY_UISupportedInterfaceOrientations = UIInterfaceOrientationPortrait;
				INFOPLIST_KEY_UISupportedInterfaceOrientations_iPad = "UIInterfaceOrientationPortrait UIInterfaceOrientationPortraitUpsideDown UIInterfaceOrientationLandscapeLeft UIInterfaceOrientationLandscapeRight";
				INFOPLIST_KEY_UISupportedInterfaceOrientations_iPhone = "UIInterfaceOrientationPortrait UIInterfaceOrientationLandscapeLeft UIInterfaceOrientationLandscapeRight";
				IPHONEOS_DEPLOYMENT_TARGET = 15.0;
				LD_RUNPATH_SEARCH_PATHS = (
					"$(inherited)",
					"@executable_path/Frameworks",
				);
				MARKETING_VERSION = 1.0;
				PRODUCT_BUNDLE_IDENTIFIER = "ljaniszewski.Fit-Vein";
				PRODUCT_NAME = "$(TARGET_NAME)";
				SWIFT_EMIT_LOC_STRINGS = YES;
				SWIFT_VERSION = 5.0;
				TARGETED_DEVICE_FAMILY = 1;
			};
			name = Debug;
		};
		0AC4DD912715A9E5003D5FED /* Release */ = {
			isa = XCBuildConfiguration;
			baseConfigurationReference = 26DAD44A330F476E6C2B2504 /* Pods-Fit Vein.release.xcconfig */;
			buildSettings = {
				ASSETCATALOG_COMPILER_APPICON_NAME = AppIcon;
				ASSETCATALOG_COMPILER_GLOBAL_ACCENT_COLOR_NAME = AccentColor;
				CODE_SIGN_ENTITLEMENTS = "Fit Vein/Fit Vein.entitlements";
				CODE_SIGN_STYLE = Automatic;
				CURRENT_PROJECT_VERSION = 1;
				DEVELOPMENT_ASSET_PATHS = "\"Fit Vein/Preview Content\"";
				DEVELOPMENT_TEAM = T3SR62DCTW;
				ENABLE_PREVIEWS = YES;
				GENERATE_INFOPLIST_FILE = YES;
				INFOPLIST_FILE = "Fit-Vein-Info.plist";
				INFOPLIST_KEY_NSCameraUsageDescription = "Used to take new pictures of the user";
				INFOPLIST_KEY_NSFaceIDUsageDescription = "Used to authenticate the user during app start";
				INFOPLIST_KEY_NSHealthShareUsageDescription = "Used to display current health achievements";
				INFOPLIST_KEY_UIApplicationSceneManifest_Generation = YES;
				INFOPLIST_KEY_UIApplicationSupportsIndirectInputEvents = YES;
				INFOPLIST_KEY_UILaunchScreen_Generation = YES;
				INFOPLIST_KEY_UISupportedInterfaceOrientations = UIInterfaceOrientationPortrait;
				INFOPLIST_KEY_UISupportedInterfaceOrientations_iPad = "UIInterfaceOrientationPortrait UIInterfaceOrientationPortraitUpsideDown UIInterfaceOrientationLandscapeLeft UIInterfaceOrientationLandscapeRight";
				INFOPLIST_KEY_UISupportedInterfaceOrientations_iPhone = "UIInterfaceOrientationPortrait UIInterfaceOrientationLandscapeLeft UIInterfaceOrientationLandscapeRight";
				IPHONEOS_DEPLOYMENT_TARGET = 15.0;
				LD_RUNPATH_SEARCH_PATHS = (
					"$(inherited)",
					"@executable_path/Frameworks",
				);
				MARKETING_VERSION = 1.0;
				PRODUCT_BUNDLE_IDENTIFIER = "ljaniszewski.Fit-Vein";
				PRODUCT_NAME = "$(TARGET_NAME)";
				SWIFT_EMIT_LOC_STRINGS = YES;
				SWIFT_VERSION = 5.0;
				TARGETED_DEVICE_FAMILY = 1;
			};
			name = Release;
		};
/* End XCBuildConfiguration section */

/* Begin XCConfigurationList section */
		0A05CF4227846B1D005432E3 /* Build configuration list for PBXNativeTarget "Fit Vein Tests" */ = {
			isa = XCConfigurationList;
			buildConfigurations = (
				0A05CF4327846B1D005432E3 /* Debug */,
				0A05CF4427846B1D005432E3 /* Release */,
			);
			defaultConfigurationIsVisible = 0;
			defaultConfigurationName = Release;
		};
		0A61E1AF2784C7A300A7FD34 /* Build configuration list for PBXNativeTarget "Fit Vein UI Tests" */ = {
			isa = XCConfigurationList;
			buildConfigurations = (
				0A61E1B02784C7A300A7FD34 /* Debug */,
				0A61E1B12784C7A300A7FD34 /* Release */,
			);
			defaultConfigurationIsVisible = 0;
			defaultConfigurationName = Release;
		};
		0AC4DD7C2715A9E4003D5FED /* Build configuration list for PBXProject "Fit Vein" */ = {
			isa = XCConfigurationList;
			buildConfigurations = (
				0AC4DD8D2715A9E5003D5FED /* Debug */,
				0AC4DD8E2715A9E5003D5FED /* Release */,
			);
			defaultConfigurationIsVisible = 0;
			defaultConfigurationName = Release;
		};
		0AC4DD8F2715A9E5003D5FED /* Build configuration list for PBXNativeTarget "Fit Vein" */ = {
			isa = XCConfigurationList;
			buildConfigurations = (
				0AC4DD902715A9E5003D5FED /* Debug */,
				0AC4DD912715A9E5003D5FED /* Release */,
			);
			defaultConfigurationIsVisible = 0;
			defaultConfigurationName = Release;
		};
/* End XCConfigurationList section */

/* Begin XCRemoteSwiftPackageReference section */
		0A0174EA278B106500CD45F9 /* XCRemoteSwiftPackageReference "lottie-ios" */ = {
			isa = XCRemoteSwiftPackageReference;
			repositoryURL = "https://github.com/airbnb/lottie-ios";
			requirement = {
				kind = upToNextMajorVersion;
				minimumVersion = 3.0.0;
			};
		};
/* End XCRemoteSwiftPackageReference section */

/* Begin XCSwiftPackageProductDependency section */
		0A0174EB278B106500CD45F9 /* Lottie */ = {
			isa = XCSwiftPackageProductDependency;
			package = 0A0174EA278B106500CD45F9 /* XCRemoteSwiftPackageReference "lottie-ios" */;
			productName = Lottie;
		};
/* End XCSwiftPackageProductDependency section */
	};
	rootObject = 0AC4DD792715A9E4003D5FED /* Project object */;
}
